// !$*UTF8*$!
{
	archiveVersion = 1;
	classes = {
	};
	objectVersion = 77;
	objects = {

/* Begin PBXBuildFile section */
		A25D8CC42FB9016700FF4D56 /* AppDelegate.swift in Sources */ = {isa = PBXBuildFile; fileRef = A25D8CC32FB9016700FF4D56 /* AppDelegate.swift */; };
		A25D8CC62FB9016700FF4D56 /* SceneDelegate.swift in Sources */ = {isa = PBXBuildFile; fileRef = A25D8CC52FB9016700FF4D56 /* SceneDelegate.swift */; };
		A25D8CC92FB9016700FF4D56 /* LaunchScreen.storyboard in Resources */ = {isa = PBXBuildFile; fileRef = A25D8CC72FB9016700FF4D56 /* LaunchScreen.storyboard */; };
		A25D8CCC2FB9016700FF4D56 /* Main.storyboard in Resources */ = {isa = PBXBuildFile; fileRef = A25D8CCA2FB9016700FF4D56 /* Main.storyboard */; };
		A25D8CD52FB9016700FF4D56 /* AppDelegate.swift in Sources */ = {isa = PBXBuildFile; fileRef = A25D8CD42FB9016700FF4D56 /* AppDelegate.swift */; };
		A25D8CD82FB9016700FF4D56 /* Main.storyboard in Resources */ = {isa = PBXBuildFile; fileRef = A25D8CD62FB9016700FF4D56 /* Main.storyboard */; };
		A25D8CDF2FB9016700FF4D56 /* ScreenshotSafe Extension.appex in Embed Foundation Extensions */ = {isa = PBXBuildFile; fileRef = A25D8CDE2FB9016700FF4D56 /* ScreenshotSafe Extension.appex */; settings = {ATTRIBUTES = (RemoveHeadersOnCopy, ); }; };
		A25D8CE92FB9016700FF4D56 /* ScreenshotSafe Extension.appex in Embed Foundation Extensions */ = {isa = PBXBuildFile; fileRef = A25D8CE82FB9016700FF4D56 /* ScreenshotSafe Extension.appex */; settings = {ATTRIBUTES = (RemoveHeadersOnCopy, ); }; };
		A25D8CEE2FB9016700FF4D56 /* Main.html in Resources */ = {isa = PBXBuildFile; fileRef = A25D8CB32FB9016600FF4D56 /* Main.html */; };
		A25D8CEF2FB9016700FF4D56 /* Main.html in Resources */ = {isa = PBXBuildFile; fileRef = A25D8CB32FB9016600FF4D56 /* Main.html */; };
		A25D8CF02FB9016700FF4D56 /* Icon.png in Resources */ = {isa = PBXBuildFile; fileRef = A25D8CB52FB9016600FF4D56 /* Icon.png */; };
		A25D8CF12FB9016700FF4D56 /* Icon.png in Resources */ = {isa = PBXBuildFile; fileRef = A25D8CB52FB9016600FF4D56 /* Icon.png */; };
		A25D8CF22FB9016700FF4D56 /* Style.css in Resources */ = {isa = PBXBuildFile; fileRef = A25D8CB62FB9016600FF4D56 /* Style.css */; };
		A25D8CF32FB9016700FF4D56 /* Style.css in Resources */ = {isa = PBXBuildFile; fileRef = A25D8CB62FB9016600FF4D56 /* Style.css */; };
		A25D8CF42FB9016700FF4D56 /* Script.js in Resources */ = {isa = PBXBuildFile; fileRef = A25D8CB72FB9016600FF4D56 /* Script.js */; };
		A25D8CF52FB9016700FF4D56 /* Script.js in Resources */ = {isa = PBXBuildFile; fileRef = A25D8CB72FB9016600FF4D56 /* Script.js */; };
		A25D8CF62FB9016700FF4D56 /* ViewController.swift in Sources */ = {isa = PBXBuildFile; fileRef = A25D8CB82FB9016600FF4D56 /* ViewController.swift */; };
		A25D8CF72FB9016700FF4D56 /* ViewController.swift in Sources */ = {isa = PBXBuildFile; fileRef = A25D8CB82FB9016600FF4D56 /* ViewController.swift */; };
		A25D8CF82FB9016700FF4D56 /* Assets.xcassets in Resources */ = {isa = PBXBuildFile; fileRef = A25D8CB92FB9016700FF4D56 /* Assets.xcassets */; };
		A25D8CF92FB9016700FF4D56 /* Assets.xcassets in Resources */ = {isa = PBXBuildFile; fileRef = A25D8CB92FB9016700FF4D56 /* Assets.xcassets */; };
		A25D8CFA2FB9016700FF4D56 /* SafariWebExtensionHandler.swift in Sources */ = {isa = PBXBuildFile; fileRef = A25D8CBB2FB9016700FF4D56 /* SafariWebExtensionHandler.swift */; };
		A25D8CFB2FB9016700FF4D56 /* SafariWebExtensionHandler.swift in Sources */ = {isa = PBXBuildFile; fileRef = A25D8CBB2FB9016700FF4D56 /* SafariWebExtensionHandler.swift */; };
		A25D8D172FB9016700FF4D56 /* popup.js in Resources */ = {isa = PBXBuildFile; fileRef = A25D8D0D2FB9016700FF4D56 /* popup.js */; };
		A25D8D182FB9016700FF4D56 /* webext-api.js in Resources */ = {isa = PBXBuildFile; fileRef = A25D8D0E2FB9016700FF4D56 /* webext-api.js */; };
		A25D8D192FB9016700FF4D56 /* background.js in Resources */ = {isa = PBXBuildFile; fileRef = A25D8D0F2FB9016700FF4D56 /* background.js */; };
		A25D8D1A2FB9016700FF4D56 /* popup.html in Resources */ = {isa = PBXBuildFile; fileRef = A25D8D102FB9016700FF4D56 /* popup.html */; };
		A25D8D1B2FB9016700FF4D56 /* options.js in Resources */ = {isa = PBXBuildFile; fileRef = A25D8D112FB9016700FF4D56 /* options.js */; };
		A25D8D1C2FB9016700FF4D56 /* editor.html in Resources */ = {isa = PBXBuildFile; fileRef = A25D8D122FB9016700FF4D56 /* editor.html */; };
		A25D8D1D2FB9016700FF4D56 /* editor.js in Resources */ = {isa = PBXBuildFile; fileRef = A25D8D132FB9016700FF4D56 /* editor.js */; };
		A25D8D1E2FB9016700FF4D56 /* icons in Resources */ = {isa = PBXBuildFile; fileRef = A25D8D142FB9016700FF4D56 /* icons */; };
		A25D8D1F2FB9016700FF4D56 /* manifest.json in Resources */ = {isa = PBXBuildFile; fileRef = A25D8D152FB9016700FF4D56 /* manifest.json */; };
		A25D8D202FB9016700FF4D56 /* options.html in Resources */ = {isa = PBXBuildFile; fileRef = A25D8D162FB9016700FF4D56 /* options.html */; };
		A25D8D212FB9016700FF4D56 /* popup.js in Resources */ = {isa = PBXBuildFile; fileRef = A25D8D0D2FB9016700FF4D56 /* popup.js */; };
		A25D8D222FB9016700FF4D56 /* webext-api.js in Resources */ = {isa = PBXBuildFile; fileRef = A25D8D0E2FB9016700FF4D56 /* webext-api.js */; };
		A25D8D232FB9016700FF4D56 /* background.js in Resources */ = {isa = PBXBuildFile; fileRef = A25D8D0F2FB9016700FF4D56 /* background.js */; };
		A25D8D242FB9016700FF4D56 /* popup.html in Resources */ = {isa = PBXBuildFile; fileRef = A25D8D102FB9016700FF4D56 /* popup.html */; };
		A25D8D252FB9016700FF4D56 /* options.js in Resources */ = {isa = PBXBuildFile; fileRef = A25D8D112FB9016700FF4D56 /* options.js */; };
		A25D8D262FB9016700FF4D56 /* editor.html in Resources */ = {isa = PBXBuildFile; fileRef = A25D8D122FB9016700FF4D56 /* editor.html */; };
		A25D8D272FB9016700FF4D56 /* editor.js in Resources */ = {isa = PBXBuildFile; fileRef = A25D8D132FB9016700FF4D56 /* editor.js */; };
		A25D8D282FB9016700FF4D56 /* icons in Resources */ = {isa = PBXBuildFile; fileRef = A25D8D142FB9016700FF4D56 /* icons */; };
		A25D8D292FB9016700FF4D56 /* manifest.json in Resources */ = {isa = PBXBuildFile; fileRef = A25D8D152FB9016700FF4D56 /* manifest.json */; };
		A25D8D2A2FB9016700FF4D56 /* options.html in Resources */ = {isa = PBXBuildFile; fileRef = A25D8D162FB9016700FF4D56 /* options.html */; };
/* End PBXBuildFile section */

/* Begin PBXContainerItemProxy section */
		A25D8CE02FB9016700FF4D56 /* PBXContainerItemProxy */ = {
			isa = PBXContainerItemProxy;
			containerPortal = A25D8CAD2FB9016500FF4D56 /* Project object */;
			proxyType = 1;
			remoteGlobalIDString = A25D8CDD2FB9016700FF4D56;
			remoteInfo = "ScreenshotSafe Extension (iOS)";
		};
		A25D8CEA2FB9016700FF4D56 /* PBXContainerItemProxy */ = {
			isa = PBXContainerItemProxy;
			containerPortal = A25D8CAD2FB9016500FF4D56 /* Project object */;
			proxyType = 1;
			remoteGlobalIDString = A25D8CE72FB9016700FF4D56;
			remoteInfo = "ScreenshotSafe Extension (macOS)";
		};
/* End PBXContainerItemProxy section */

/* Begin PBXCopyFilesBuildPhase section */
		A25D8D012FB9016700FF4D56 /* Embed Foundation Extensions */ = {
			isa = PBXCopyFilesBuildPhase;
			buildActionMask = 2147483647;
			dstPath = "";
			dstSubfolderSpec = 13;
			files = (
				A25D8CDF2FB9016700FF4D56 /* ScreenshotSafe Extension.appex in Embed Foundation Extensions */,
			);
			name = "Embed Foundation Extensions";
			runOnlyForDeploymentPostprocessing = 0;
		};
		A25D8D082FB9016700FF4D56 /* Embed Foundation Extensions */ = {
			isa = PBXCopyFilesBuildPhase;
			buildActionMask = 2147483647;
			dstPath = "";
			dstSubfolderSpec = 13;
			files = (
				A25D8CE92FB9016700FF4D56 /* ScreenshotSafe Extension.appex in Embed Foundation Extensions */,
			);
			name = "Embed Foundation Extensions";
			runOnlyForDeploymentPostprocessing = 0;
		};
/* End PBXCopyFilesBuildPhase section */

/* Begin PBXFileReference section */
		A25D8CB42FB9016600FF4D56 /* Base */ = {isa = PBXFileReference; lastKnownFileType = text.html; name = Base; path = Base.lproj/Main.html; sourceTree = "<group>"; };
		A25D8CB52FB9016600FF4D56 /* Icon.png */ = {isa = PBXFileReference; lastKnownFileType = image.png; path = Icon.png; sourceTree = "<group>"; };
		A25D8CB62FB9016600FF4D56 /* Style.css */ = {isa = PBXFileReference; lastKnownFileType = text.css; path = Style.css; sourceTree = "<group>"; };
		A25D8CB72FB9016600FF4D56 /* Script.js */ = {isa = PBXFileReference; lastKnownFileType = sourcecode.javascript; path = Script.js; sourceTree = "<group>"; };
		A25D8CB82FB9016600FF4D56 /* ViewController.swift */ = {isa = PBXFileReference; lastKnownFileType = sourcecode.swift; path = ViewController.swift; sourceTree = "<group>"; };
		A25D8CB92FB9016700FF4D56 /* Assets.xcassets */ = {isa = PBXFileReference; lastKnownFileType = folder.assetcatalog; path = Assets.xcassets; sourceTree = "<group>"; };
		A25D8CBB2FB9016700FF4D56 /* SafariWebExtensionHandler.swift */ = {isa = PBXFileReference; lastKnownFileType = sourcecode.swift; path = SafariWebExtensionHandler.swift; sourceTree = "<group>"; };
		A25D8CC02FB9016700FF4D56 /* ScreenshotSafe.app */ = {isa = PBXFileReference; explicitFileType = wrapper.application; includeInIndex = 0; path = ScreenshotSafe.app; sourceTree = BUILT_PRODUCTS_DIR; };
		A25D8CC32FB9016700FF4D56 /* AppDelegate.swift */ = {isa = PBXFileReference; lastKnownFileType = sourcecode.swift; path = AppDelegate.swift; sourceTree = "<group>"; };
		A25D8CC52FB9016700FF4D56 /* SceneDelegate.swift */ = {isa = PBXFileReference; lastKnownFileType = sourcecode.swift; path = SceneDelegate.swift; sourceTree = "<group>"; };
		A25D8CC82FB9016700FF4D56 /* Base */ = {isa = PBXFileReference; lastKnownFileType = file.storyboard; name = Base; path = Base.lproj/LaunchScreen.storyboard; sourceTree = "<group>"; };
		A25D8CCB2FB9016700FF4D56 /* Base */ = {isa = PBXFileReference; lastKnownFileType = file.storyboard; name = Base; path = Base.lproj/Main.storyboard; sourceTree = "<group>"; };
		A25D8CCD2FB9016700FF4D56 /* Info.plist */ = {isa = PBXFileReference; lastKnownFileType = text.plist.xml; path = Info.plist; sourceTree = "<group>"; };
		A25D8CD22FB9016700FF4D56 /* ScreenshotSafe.app */ = {isa = PBXFileReference; explicitFileType = wrapper.application; includeInIndex = 0; path = ScreenshotSafe.app; sourceTree = BUILT_PRODUCTS_DIR; };
		A25D8CD42FB9016700FF4D56 /* AppDelegate.swift */ = {isa = PBXFileReference; lastKnownFileType = sourcecode.swift; path = AppDelegate.swift; sourceTree = "<group>"; };
		A25D8CD72FB9016700FF4D56 /* Base */ = {isa = PBXFileReference; lastKnownFileType = file.storyboard; name = Base; path = Base.lproj/Main.storyboard; sourceTree = "<group>"; };
		A25D8CD92FB9016700FF4D56 /* Info.plist */ = {isa = PBXFileReference; lastKnownFileType = text.plist.xml; path = Info.plist; sourceTree = "<group>"; };
		A25D8CDE2FB9016700FF4D56 /* ScreenshotSafe Extension.appex */ = {isa = PBXFileReference; explicitFileType = "wrapper.app-extension"; includeInIndex = 0; path = "ScreenshotSafe Extension.appex"; sourceTree = BUILT_PRODUCTS_DIR; };
		A25D8CE32FB9016700FF4D56 /* Info.plist */ = {isa = PBXFileReference; lastKnownFileType = text.plist.xml; path = Info.plist; sourceTree = "<group>"; };
		A25D8CE82FB9016700FF4D56 /* ScreenshotSafe Extension.appex */ = {isa = PBXFileReference; explicitFileType = "wrapper.app-extension"; includeInIndex = 0; path = "ScreenshotSafe Extension.appex"; sourceTree = BUILT_PRODUCTS_DIR; };
		A25D8CED2FB9016700FF4D56 /* Info.plist */ = {isa = PBXFileReference; lastKnownFileType = text.plist.xml; path = Info.plist; sourceTree = "<group>"; };
		A25D8D0D2FB9016700FF4D56 /* popup.js */ = {isa = PBXFileReference; lastKnownFileType = sourcecode.javascript; name = popup.js; path = Resources/popup.js; sourceTree = "<group>"; };
		A25D8D0E2FB9016700FF4D56 /* webext-api.js */ = {isa = PBXFileReference; lastKnownFileType = sourcecode.javascript; name = "webext-api.js"; path = "Resources/webext-api.js"; sourceTree = "<group>"; };
		A25D8D0F2FB9016700FF4D56 /* background.js */ = {isa = PBXFileReference; lastKnownFileType = sourcecode.javascript; name = background.js; path = Resources/background.js; sourceTree = "<group>"; };
		A25D8D102FB9016700FF4D56 /* popup.html */ = {isa = PBXFileReference; lastKnownFileType = text.html; name = popup.html; path = Resources/popup.html; sourceTree = "<group>"; };
		A25D8D112FB9016700FF4D56 /* options.js */ = {isa = PBXFileReference; lastKnownFileType = sourcecode.javascript; name = options.js; path = Resources/options.js; sourceTree = "<group>"; };
		A25D8D122FB9016700FF4D56 /* editor.html */ = {isa = PBXFileReference; lastKnownFileType = text.html; name = editor.html; path = Resources/editor.html; sourceTree = "<group>"; };
		A25D8D132FB9016700FF4D56 /* editor.js */ = {isa = PBXFileReference; lastKnownFileType = sourcecode.javascript; name = editor.js; path = Resources/editor.js; sourceTree = "<group>"; };
		A25D8D142FB9016700FF4D56 /* icons */ = {isa = PBXFileReference; lastKnownFileType = folder; name = icons; path = Resources/icons; sourceTree = "<group>"; };
		A25D8D152FB9016700FF4D56 /* manifest.json */ = {isa = PBXFileReference; lastKnownFileType = text.json; name = manifest.json; path = Resources/manifest.json; sourceTree = "<group>"; };
		A25D8D162FB9016700FF4D56 /* options.html */ = {isa = PBXFileReference; lastKnownFileType = text.html; name = options.html; path = Resources/options.html; sourceTree = "<group>"; };
/* End PBXFileReference section */

/* Begin PBXFrameworksBuildPhase section */
		A25D8CBD2FB9016700FF4D56 /* Frameworks */ = {
			isa = PBXFrameworksBuildPhase;
			buildActionMask = 2147483647;
			files = (
			);
			runOnlyForDeploymentPostprocessing = 0;
		};
		A25D8CCF2FB9016700FF4D56 /* Frameworks */ = {
			isa = PBXFrameworksBuildPhase;
			buildActionMask = 2147483647;
			files = (
			);
			runOnlyForDeploymentPostprocessing = 0;
		};
		A25D8CDB2FB9016700FF4D56 /* Frameworks */ = {
			isa = PBXFrameworksBuildPhase;
			buildActionMask = 2147483647;
			files = (
			);
			runOnlyForDeploymentPostprocessing = 0;
		};
		A25D8CE52FB9016700FF4D56 /* Frameworks */ = {
			isa = PBXFrameworksBuildPhase;
			buildActionMask = 2147483647;
			files = (
			);
			runOnlyForDeploymentPostprocessing = 0;
		};
/* End PBXFrameworksBuildPhase section */

/* Begin PBXGroup section */
		A25D8CAC2FB9016500FF4D56 = {
			isa = PBXGroup;
			children = (
				A25D8CB12FB9016600FF4D56 /* Shared (App) */,
				A25D8CBA2FB9016700FF4D56 /* Shared (Extension) */,
				A25D8CC22FB9016700FF4D56 /* iOS (App) */,
				A25D8CD32FB9016700FF4D56 /* macOS (App) */,
				A25D8CE22FB9016700FF4D56 /* iOS (Extension) */,
				A25D8CEC2FB9016700FF4D56 /* macOS (Extension) */,
				A25D8CC12FB9016700FF4D56 /* Products */,
			);
			sourceTree = "<group>";
		};
		A25D8CB12FB9016600FF4D56 /* Shared (App) */ = {
			isa = PBXGroup;
			children = (
				A25D8CB82FB9016600FF4D56 /* ViewController.swift */,
				A25D8CB92FB9016700FF4D56 /* Assets.xcassets */,
				A25D8CB22FB9016600FF4D56 /* Resources */,
			);
			path = "Shared (App)";
			sourceTree = "<group>";
		};
		A25D8CB22FB9016600FF4D56 /* Resources */ = {
			isa = PBXGroup;
			children = (
				A25D8CB32FB9016600FF4D56 /* Main.html */,
				A25D8CB52FB9016600FF4D56 /* Icon.png */,
				A25D8CB62FB9016600FF4D56 /* Style.css */,
				A25D8CB72FB9016600FF4D56 /* Script.js */,
			);
			path = Resources;
			sourceTree = "<group>";
		};
		A25D8CBA2FB9016700FF4D56 /* Shared (Extension) */ = {
			isa = PBXGroup;
			children = (
				A25D8D0C2FB9016700FF4D56 /* Resources */,
				A25D8CBB2FB9016700FF4D56 /* SafariWebExtensionHandler.swift */,
			);
			path = "Shared (Extension)";
			sourceTree = "<group>";
		};
		A25D8CC12FB9016700FF4D56 /* Products */ = {
			isa = PBXGroup;
			children = (
				A25D8CC02FB9016700FF4D56 /* ScreenshotSafe.app */,
				A25D8CD22FB9016700FF4D56 /* ScreenshotSafe.app */,
				A25D8CDE2FB9016700FF4D56 /* ScreenshotSafe Extension.appex */,
				A25D8CE82FB9016700FF4D56 /* ScreenshotSafe Extension.appex */,
			);
			name = Products;
			sourceTree = "<group>";
		};
		A25D8CC22FB9016700FF4D56 /* iOS (App) */ = {
			isa = PBXGroup;
			children = (
				A25D8CC32FB9016700FF4D56 /* AppDelegate.swift */,
				A25D8CC52FB9016700FF4D56 /* SceneDelegate.swift */,
				A25D8CC72FB9016700FF4D56 /* LaunchScreen.storyboard */,
				A25D8CCA2FB9016700FF4D56 /* Main.storyboard */,
				A25D8CCD2FB9016700FF4D56 /* Info.plist */,
			);
			path = "iOS (App)";
			sourceTree = "<group>";
		};
		A25D8CD32FB9016700FF4D56 /* macOS (App) */ = {
			isa = PBXGroup;
			children = (
				A25D8CD42FB9016700FF4D56 /* AppDelegate.swift */,
				A25D8CD62FB9016700FF4D56 /* Main.storyboard */,
				A25D8CD92FB9016700FF4D56 /* Info.plist */,
			);
			path = "macOS (App)";
			sourceTree = "<group>";
		};
		A25D8CE22FB9016700FF4D56 /* iOS (Extension) */ = {
			isa = PBXGroup;
			children = (
				A25D8CE32FB9016700FF4D56 /* Info.plist */,
			);
			path = "iOS (Extension)";
			sourceTree = "<group>";
		};
		A25D8CEC2FB9016700FF4D56 /* macOS (Extension) */ = {
			isa = PBXGroup;
			children = (
				A25D8CED2FB9016700FF4D56 /* Info.plist */,
			);
			path = "macOS (Extension)";
			sourceTree = "<group>";
		};
		A25D8D0C2FB9016700FF4D56 /* Resources */ = {
			isa = PBXGroup;
			children = (
				A25D8D0D2FB9016700FF4D56 /* popup.js */,
				A25D8D0E2FB9016700FF4D56 /* webext-api.js */,
				A25D8D0F2FB9016700FF4D56 /* background.js */,
				A25D8D102FB9016700FF4D56 /* popup.html */,
				A25D8D112FB9016700FF4D56 /* options.js */,
				A25D8D122FB9016700FF4D56 /* editor.html */,
				A25D8D132FB9016700FF4D56 /* editor.js */,
				A25D8D142FB9016700FF4D56 /* icons */,
				A25D8D152FB9016700FF4D56 /* manifest.json */,
				A25D8D162FB9016700FF4D56 /* options.html */,
			);
			name = Resources;
			path = "Shared (Extension)";
			sourceTree = SOURCE_ROOT;
		};
/* End PBXGroup section */

/* Begin PBXNativeTarget section */
		A25D8CBF2FB9016700FF4D56 /* ScreenshotSafe (iOS) */ = {
			isa = PBXNativeTarget;
			buildConfigurationList = A25D8D022FB9016700FF4D56 /* Build configuration list for PBXNativeTarget "ScreenshotSafe (iOS)" */;
			buildPhases = (
				A25D8CBC2FB9016700FF4D56 /* Sources */,
				A25D8CBD2FB9016700FF4D56 /* Frameworks */,
				A25D8CBE2FB9016700FF4D56 /* Resources */,
				A25D8D012FB9016700FF4D56 /* Embed Foundation Extensions */,
			);
			buildRules = (
			);
			dependencies = (
				A25D8CE12FB9016700FF4D56 /* PBXTargetDependency */,
			);
			name = "ScreenshotSafe (iOS)";
			packageProductDependencies = (
			);
			productName = "ScreenshotSafe (iOS)";
			productReference = A25D8CC02FB9016700FF4D56 /* ScreenshotSafe.app */;
			productType = "com.apple.product-type.application";
		};
		A25D8CD12FB9016700FF4D56 /* ScreenshotSafe (macOS) */ = {
			isa = PBXNativeTarget;
			buildConfigurationList = A25D8D092FB9016700FF4D56 /* Build configuration list for PBXNativeTarget "ScreenshotSafe (macOS)" */;
			buildPhases = (
				A25D8CCE2FB9016700FF4D56 /* Sources */,
				A25D8CCF2FB9016700FF4D56 /* Frameworks */,
				A25D8CD02FB9016700FF4D56 /* Resources */,
				A25D8D082FB9016700FF4D56 /* Embed Foundation Extensions */,
			);
			buildRules = (
			);
			dependencies = (
				A25D8CEB2FB9016700FF4D56 /* PBXTargetDependency */,
			);
			name = "ScreenshotSafe (macOS)";
			packageProductDependencies = (
			);
			productName = "ScreenshotSafe (macOS)";
			productReference = A25D8CD22FB9016700FF4D56 /* ScreenshotSafe.app */;
			productType = "com.apple.product-type.application";
		};
		A25D8CDD2FB9016700FF4D56 /* ScreenshotSafe Extension (iOS) */ = {
			isa = PBXNativeTarget;
			buildConfigurationList = A25D8CFE2FB9016700FF4D56 /* Build configuration list for PBXNativeTarget "ScreenshotSafe Extension (iOS)" */;
			buildPhases = (
				A25D8CDA2FB9016700FF4D56 /* Sources */,
				A25D8CDB2FB9016700FF4D56 /* Frameworks */,
				A25D8CDC2FB9016700FF4D56 /* Resources */,
			);
			buildRules = (
			);
			dependencies = (
			);
			name = "ScreenshotSafe Extension (iOS)";
			packageProductDependencies = (
			);
			productName = "ScreenshotSafe Extension (iOS)";
			productReference = A25D8CDE2FB9016700FF4D56 /* ScreenshotSafe Extension.appex */;
			productType = "com.apple.product-type.app-extension";
		};
		A25D8CE72FB9016700FF4D56 /* ScreenshotSafe Extension (macOS) */ = {
			isa = PBXNativeTarget;
			buildConfigurationList = A25D8D052FB9016700FF4D56 /* Build configuration list for PBXNativeTarget "ScreenshotSafe Extension (macOS)" */;
			buildPhases = (
				A25D8CE42FB9016700FF4D56 /* Sources */,
				A25D8CE52FB9016700FF4D56 /* Frameworks */,
				A25D8CE62FB9016700FF4D56 /* Resources */,
			);
			buildRules = (
			);
			dependencies = (
			);
			name = "ScreenshotSafe Extension (macOS)";
			packageProductDependencies = (
			);
			productName = "ScreenshotSafe Extension (macOS)";
			productReference = A25D8CE82FB9016700FF4D56 /* ScreenshotSafe Extension.appex */;
			productType = "com.apple.product-type.app-extension";
		};
/* End PBXNativeTarget section */

/* Begin PBXProject section */
		A25D8CAD2FB9016500FF4D56 /* Project object */ = {
			isa = PBXProject;
			attributes = {
				BuildIndependentTargetsInParallel = 1;
				LastSwiftUpdateCheck = 2650;
				LastUpgradeCheck = 2650;
				TargetAttributes = {
					A25D8CBF2FB9016700FF4D56 = {
						CreatedOnToolsVersion = 26.5;
					};
					A25D8CD12FB9016700FF4D56 = {
						CreatedOnToolsVersion = 26.5;
					};
					A25D8CDD2FB9016700FF4D56 = {
						CreatedOnToolsVersion = 26.5;
					};
					A25D8CE72FB9016700FF4D56 = {
						CreatedOnToolsVersion = 26.5;
					};
				};
			};
			buildConfigurationList = A25D8CB02FB9016500FF4D56 /* Build configuration list for PBXProject "ScreenshotSafe" */;
			developmentRegion = en;
			hasScannedForEncodings = 0;
			knownRegions = (
				en,
				Base,
			);
			mainGroup = A25D8CAC2FB9016500FF4D56;
			minimizedProjectReferenceProxies = 1;
			preferredProjectObjectVersion = 77;
			productRefGroup = A25D8CC12FB9016700FF4D56 /* Products */;
			projectDirPath = "";
			projectRoot = "";
			targets = (
				A25D8CBF2FB9016700FF4D56 /* ScreenshotSafe (iOS) */,
				A25D8CD12FB9016700FF4D56 /* ScreenshotSafe (macOS) */,
				A25D8CDD2FB9016700FF4D56 /* ScreenshotSafe Extension (iOS) */,
				A25D8CE72FB9016700FF4D56 /* ScreenshotSafe Extension (macOS) */,
			);
		};
/* End PBXProject section */

/* Begin PBXResourcesBuildPhase section */
		A25D8CBE2FB9016700FF4D56 /* Resources */ = {
			isa = PBXResourcesBuildPhase;
			buildActionMask = 2147483647;
			files = (
				A25D8CF02FB9016700FF4D56 /* Icon.png in Resources */,
				A25D8CC92FB9016700FF4D56 /* LaunchScreen.storyboard in Resources */,
				A25D8CEE2FB9016700FF4D56 /* Main.html in Resources */,
				A25D8CF42FB9016700FF4D56 /* Script.js in Resources */,
				A25D8CF82FB9016700FF4D56 /* Assets.xcassets in Resources */,
				A25D8CCC2FB9016700FF4D56 /* Main.storyboard in Resources */,
				A25D8CF22FB9016700FF4D56 /* Style.css in Resources */,
			);
			runOnlyForDeploymentPostprocessing = 0;
		};
		A25D8CD02FB9016700FF4D56 /* Resources */ = {
			isa = PBXResourcesBuildPhase;
			buildActionMask = 2147483647;
			files = (
				A25D8CF12FB9016700FF4D56 /* Icon.png in Resources */,
				A25D8CF32FB9016700FF4D56 /* Style.css in Resources */,
				A25D8CD82FB9016700FF4D56 /* Main.storyboard in Resources */,
				A25D8CF52FB9016700FF4D56 /* Script.js in Resources */,
				A25D8CF92FB9016700FF4D56 /* Assets.xcassets in Resources */,
				A25D8CEF2FB9016700FF4D56 /* Main.html in Resources */,
			);
			runOnlyForDeploymentPostprocessing = 0;
		};
		A25D8CDC2FB9016700FF4D56 /* Resources */ = {
			isa = PBXResourcesBuildPhase;
			buildActionMask = 2147483647;
			files = (
				A25D8D222FB9016700FF4D56 /* webext-api.js in Resources */,
				A25D8D282FB9016700FF4D56 /* icons in Resources */,
				A25D8D262FB9016700FF4D56 /* editor.html in Resources */,
				A25D8D242FB9016700FF4D56 /* popup.html in Resources */,
				A25D8D292FB9016700FF4D56 /* manifest.json in Resources */,
				A25D8D232FB9016700FF4D56 /* background.js in Resources */,
				A25D8D272FB9016700FF4D56 /* editor.js in Resources */,
				A25D8D2A2FB9016700FF4D56 /* options.html in Resources */,
				A25D8D212FB9016700FF4D56 /* popup.js in Resources */,
				A25D8D252FB9016700FF4D56 /* options.js in Resources */,
			);
			runOnlyForDeploymentPostprocessing = 0;
		};
		A25D8CE62FB9016700FF4D56 /* Resources */ = {
			isa = PBXResourcesBuildPhase;
			buildActionMask = 2147483647;
			files = (
				A25D8D182FB9016700FF4D56 /* webext-api.js in Resources */,
				A25D8D1E2FB9016700FF4D56 /* icons in Resources */,
				A25D8D1C2FB9016700FF4D56 /* editor.html in Resources */,
				A25D8D1A2FB9016700FF4D56 /* popup.html in Resources */,
				A25D8D1F2FB9016700FF4D56 /* manifest.json in Resources */,
				A25D8D192FB9016700FF4D56 /* background.js in Resources */,
				A25D8D1D2FB9016700FF4D56 /* editor.js in Resources */,
				A25D8D202FB9016700FF4D56 /* options.html in Resources */,
				A25D8D172FB9016700FF4D56 /* popup.js in Resources */,
				A25D8D1B2FB9016700FF4D56 /* options.js in Resources */,
			);
			runOnlyForDeploymentPostprocessing = 0;
		};
/* End PBXResourcesBuildPhase section */

/* Begin PBXSourcesBuildPhase section */
		A25D8CBC2FB9016700FF4D56 /* Sources */ = {
			isa = PBXSourcesBuildPhase;
			buildActionMask = 2147483647;
			files = (
				A25D8CF62FB9016700FF4D56 /* ViewController.swift in Sources */,
				A25D8CC42FB9016700FF4D56 /* AppDelegate.swift in Sources */,
				A25D8CC62FB9016700FF4D56 /* SceneDelegate.swift in Sources */,
			);
			runOnlyForDeploymentPostprocessing = 0;
		};
		A25D8CCE2FB9016700FF4D56 /* Sources */ = {
			isa = PBXSourcesBuildPhase;
			buildActionMask = 2147483647;
			files = (
				A25D8CF72FB9016700FF4D56 /* ViewController.swift in Sources */,
				A25D8CD52FB9016700FF4D56 /* AppDelegate.swift in Sources */,
			);
			runOnlyForDeploymentPostprocessing = 0;
		};
		A25D8CDA2FB9016700FF4D56 /* Sources */ = {
			isa = PBXSourcesBuildPhase;
			buildActionMask = 2147483647;
			files = (
				A25D8CFA2FB9016700FF4D56 /* SafariWebExtensionHandler.swift in Sources */,
			);
			runOnlyForDeploymentPostprocessing = 0;
		};
		A25D8CE42FB9016700FF4D56 /* Sources */ = {
			isa = PBXSourcesBuildPhase;
			buildActionMask = 2147483647;
			files = (
				A25D8CFB2FB9016700FF4D56 /* SafariWebExtensionHandler.swift in Sources */,
			);
			runOnlyForDeploymentPostprocessing = 0;
		};
/* End PBXSourcesBuildPhase section */

/* Begin PBXTargetDependency section */
		A25D8CE12FB9016700FF4D56 /* PBXTargetDependency */ = {
			isa = PBXTargetDependency;
			target = A25D8CDD2FB9016700FF4D56 /* ScreenshotSafe Extension (iOS) */;
			targetProxy = A25D8CE02FB9016700FF4D56 /* PBXContainerItemProxy */;
		};
		A25D8CEB2FB9016700FF4D56 /* PBXTargetDependency */ = {
			isa = PBXTargetDependency;
			target = A25D8CE72FB9016700FF4D56 /* ScreenshotSafe Extension (macOS) */;
			targetProxy = A25D8CEA2FB9016700FF4D56 /* PBXContainerItemProxy */;
		};
/* End PBXTargetDependency section */

/* Begin PBXVariantGroup section */
		A25D8CB32FB9016600FF4D56 /* Main.html */ = {
			isa = PBXVariantGroup;
			children = (
				A25D8CB42FB9016600FF4D56 /* Base */,
			);
			name = Main.html;
			sourceTree = "<group>";
		};
		A25D8CC72FB9016700FF4D56 /* LaunchScreen.storyboard */ = {
			isa = PBXVariantGroup;
			children = (
				A25D8CC82FB9016700FF4D56 /* Base */,
			);
			name = LaunchScreen.storyboard;
			sourceTree = "<group>";
		};
		A25D8CCA2FB9016700FF4D56 /* Main.storyboard */ = {
			isa = PBXVariantGroup;
			children = (
				A25D8CCB2FB9016700FF4D56 /* Base */,
			);
			name = Main.storyboard;
			sourceTree = "<group>";
		};
		A25D8CD62FB9016700FF4D56 /* Main.storyboard */ = {
			isa = PBXVariantGroup;
			children = (
				A25D8CD72FB9016700FF4D56 /* Base */,
			);
			name = Main.storyboard;
			sourceTree = "<group>";
		};
/* End PBXVariantGroup section */

/* Begin XCBuildConfiguration section */
		A25D8CFC2FB9016700FF4D56 /* Debug */ = {
			isa = XCBuildConfiguration;
			buildSettings = {
				ALWAYS_SEARCH_USER_PATHS = NO;
				ASSETCATALOG_COMPILER_GENERATE_SWIFT_ASSET_SYMBOL_EXTENSIONS = YES;
				CLANG_ANALYZER_NONNULL = YES;
				CLANG_ANALYZER_NUMBER_OBJECT_CONVERSION = YES_AGGRESSIVE;
				CLANG_CXX_LANGUAGE_STANDARD = "gnu++20";
				CLANG_ENABLE_MODULES = YES;
				CLANG_ENABLE_OBJC_ARC = YES;
				CLANG_ENABLE_OBJC_WEAK = YES;
				CLANG_WARN_BLOCK_CAPTURE_AUTORELEASING = YES;
				CLANG_WARN_BOOL_CONVERSION = YES;
				CLANG_WARN_COMMA = YES;
				CLANG_WARN_CONSTANT_CONVERSION = YES;
				CLANG_WARN_DEPRECATED_OBJC_IMPLEMENTATIONS = YES;
				CLANG_WARN_DIRECT_OBJC_ISA_USAGE = YES_ERROR;
				CLANG_WARN_DOCUMENTATION_COMMENTS = YES;
				CLANG_WARN_EMPTY_BODY = YES;
				CLANG_WARN_ENUM_CONVERSION = YES;
				CLANG_WARN_INFINITE_RECURSION = YES;
				CLANG_WARN_INT_CONVERSION = YES;
				CLANG_WARN_NON_LITERAL_NULL_CONVERSION = YES;
				CLANG_WARN_OBJC_IMPLICIT_RETAIN_SELF = YES;
				CLANG_WARN_OBJC_LITERAL_CONVERSION = YES;
				CLANG_WARN_OBJC_ROOT_CLASS = YES_ERROR;
				CLANG_WARN_QUOTED_INCLUDE_IN_FRAMEWORK_HEADER = YES;
				CLANG_WARN_RANGE_LOOP_ANALYSIS = YES;
				CLANG_WARN_STRICT_PROTOTYPES = YES;
				CLANG_WARN_SUSPICIOUS_MOVE = YES;
				CLANG_WARN_UNGUARDED_AVAILABILITY = YES_AGGRESSIVE;
				CLANG_WARN_UNREACHABLE_CODE = YES;
				CLANG_WARN__DUPLICATE_METHOD_MATCH = YES;
				COPY_PHASE_STRIP = NO;
				DEBUG_INFORMATION_FORMAT = dwarf;
				ENABLE_STRICT_OBJC_MSGSEND = YES;
				ENABLE_TESTABILITY = YES;
				ENABLE_USER_SCRIPT_SANDBOXING = YES;
				GCC_C_LANGUAGE_STANDARD = gnu17;
				GCC_DYNAMIC_NO_PIC = NO;
				GCC_NO_COMMON_BLOCKS = YES;
				GCC_OPTIMIZATION_LEVEL = 0;
				GCC_PREPROCESSOR_DEFINITIONS = (
					"DEBUG=1",
					"$(inherited)",
				);
				GCC_WARN_64_TO_32_BIT_CONVERSION = YES;
				GCC_WARN_ABOUT_RETURN_TYPE = YES_ERROR;
				GCC_WARN_UNDECLARED_SELECTOR = YES;
				GCC_WARN_UNINITIALIZED_AUTOS = YES_AGGRESSIVE;
				GCC_WARN_UNUSED_FUNCTION = YES;
				GCC_WARN_UNUSED_VARIABLE = YES;
				LOCALIZATION_PREFERS_STRING_CATALOGS = YES;
				MTL_ENABLE_DEBUG_INFO = INCLUDE_SOURCE;
				MTL_FAST_MATH = YES;
				ONLY_ACTIVE_ARCH = YES;
				SWIFT_ACTIVE_COMPILATION_CONDITIONS = "DEBUG $(inherited)";
				SWIFT_OPTIMIZATION_LEVEL = "-Onone";
			};
			name = Debug;
		};
		A25D8CFD2FB9016700FF4D56 /* Release */ = {
			isa = XCBuildConfiguration;
			buildSettings = {
				ALWAYS_SEARCH_USER_PATHS = NO;
				ASSETCATALOG_COMPILER_GENERATE_SWIFT_ASSET_SYMBOL_EXTENSIONS = YES;
				CLANG_ANALYZER_NONNULL = YES;
				CLANG_ANALYZER_NUMBER_OBJECT_CONVERSION = YES_AGGRESSIVE;
				CLANG_CXX_LANGUAGE_STANDARD = "gnu++20";
				CLANG_ENABLE_MODULES = YES;
				CLANG_ENABLE_OBJC_ARC = YES;
				CLANG_ENABLE_OBJC_WEAK = YES;
				CLANG_WARN_BLOCK_CAPTURE_AUTORELEASING = YES;
				CLANG_WARN_BOOL_CONVERSION = YES;
				CLANG_WARN_COMMA = YES;
				CLANG_WARN_CONSTANT_CONVERSION = YES;
				CLANG_WARN_DEPRECATED_OBJC_IMPLEMENTATIONS = YES;
				CLANG_WARN_DIRECT_OBJC_ISA_USAGE = YES_ERROR;
				CLANG_WARN_DOCUMENTATION_COMMENTS = YES;
				CLANG_WARN_EMPTY_BODY = YES;
				CLANG_WARN_ENUM_CONVERSION = YES;
				CLANG_WARN_INFINITE_RECURSION = YES;
				CLANG_WARN_INT_CONVERSION = YES;
				CLANG_WARN_NON_LITERAL_NULL_CONVERSION = YES;
				CLANG_WARN_OBJC_IMPLICIT_RETAIN_SELF = YES;
				CLANG_WARN_OBJC_LITERAL_CONVERSION = YES;
				CLANG_WARN_OBJC_ROOT_CLASS = YES_ERROR;
				CLANG_WARN_QUOTED_INCLUDE_IN_FRAMEWORK_HEADER = YES;
				CLANG_WARN_RANGE_LOOP_ANALYSIS = YES;
				CLANG_WARN_STRICT_PROTOTYPES = YES;
				CLANG_WARN_SUSPICIOUS_MOVE = YES;
				CLANG_WARN_UNGUARDED_AVAILABILITY = YES_AGGRESSIVE;
				CLANG_WARN_UNREACHABLE_CODE = YES;
				CLANG_WARN__DUPLICATE_METHOD_MATCH = YES;
				COPY_PHASE_STRIP = NO;
				DEBUG_INFORMATION_FORMAT = "dwarf-with-dsym";
				ENABLE_NS_ASSERTIONS = NO;
				ENABLE_STRICT_OBJC_MSGSEND = YES;
				ENABLE_USER_SCRIPT_SANDBOXING = YES;
				GCC_C_LANGUAGE_STANDARD = gnu17;
				GCC_NO_COMMON_BLOCKS = YES;
				GCC_WARN_64_TO_32_BIT_CONVERSION = YES;
				GCC_WARN_ABOUT_RETURN_TYPE = YES_ERROR;
				GCC_WARN_UNDECLARED_SELECTOR = YES;
				GCC_WARN_UNINITIALIZED_AUTOS = YES_AGGRESSIVE;
				GCC_WARN_UNUSED_FUNCTION = YES;
				GCC_WARN_UNUSED_VARIABLE = YES;
				LOCALIZATION_PREFERS_STRING_CATALOGS = YES;
				MTL_ENABLE_DEBUG_INFO = NO;
				MTL_FAST_MATH = YES;
				SWIFT_COMPILATION_MODE = wholemodule;
			};
			name = Release;
		};
		A25D8CFF2FB9016700FF4D56 /* Debug */ = {
			isa = XCBuildConfiguration;
			buildSettings = {
				CODE_SIGN_STYLE = Automatic;
				CURRENT_PROJECT_VERSION = 1;
				GENERATE_INFOPLIST_FILE = YES;
				INFOPLIST_FILE = "iOS (Extension)/Info.plist";
				INFOPLIST_KEY_CFBundleDisplayName = "ScreenshotSafe Extension";
				INFOPLIST_KEY_NSHumanReadableCopyright = "";
				IPHONEOS_DEPLOYMENT_TARGET = 15.0;
				LD_RUNPATH_SEARCH_PATHS = (
					"$(inherited)",
					"@executable_path/Frameworks",
					"@executable_path/../../Frameworks",
				);
				MARKETING_VERSION = 1.0;
				OTHER_LDFLAGS = (
					"-framework",
					SafariServices,
				);
				PRODUCT_BUNDLE_IDENTIFIER = com.screenshotsafe.safari.Extension;
				PRODUCT_NAME = "ScreenshotSafe Extension";
				SDKROOT = iphoneos;
				SKIP_INSTALL = YES;
				STRING_CATALOG_GENERATE_SYMBOLS = YES;
				SWIFT_APPROACHABLE_CONCURRENCY = YES;
				SWIFT_EMIT_LOC_STRINGS = YES;
				SWIFT_UPCOMING_FEATURE_MEMBER_IMPORT_VISIBILITY = YES;
				SWIFT_VERSION = 5.0;
				TARGETED_DEVICE_FAMILY = "1,2";
			};
			name = Debug;
		};
		A25D8D002FB9016700FF4D56 /* Release */ = {
			isa = XCBuildConfiguration;
			buildSettings = {
				CODE_SIGN_STYLE = Automatic;
				CURRENT_PROJECT_VERSION = 1;
				GENERATE_INFOPLIST_FILE = YES;
				INFOPLIST_FILE = "iOS (Extension)/Info.plist";
				INFOPLIST_KEY_CFBundleDisplayName = "ScreenshotSafe Extension";
				INFOPLIST_KEY_NSHumanReadableCopyright = "";
				IPHONEOS_DEPLOYMENT_TARGET = 15.0;
				LD_RUNPATH_SEARCH_PATHS = (
					"$(inherited)",
					"@executable_path/Frameworks",
					"@executable_path/../../Frameworks",
				);
				MARKETING_VERSION = 1.0;
				OTHER_LDFLAGS = (
					"-framework",
					SafariServices,
				);
				PRODUCT_BUNDLE_IDENTIFIER = com.screenshotsafe.safari.Extension;
				PRODUCT_NAME = "ScreenshotSafe Extension";
				SDKROOT = iphoneos;
				SKIP_INSTALL = YES;
				STRING_CATALOG_GENERATE_SYMBOLS = YES;
				SWIFT_APPROACHABLE_CONCURRENCY = YES;
				SWIFT_EMIT_LOC_STRINGS = YES;
				SWIFT_UPCOMING_FEATURE_MEMBER_IMPORT_VISIBILITY = YES;
				SWIFT_VERSION = 5.0;
				TARGETED_DEVICE_FAMILY = "1,2";
				VALIDATE_PRODUCT = YES;
			};
			name = Release;
		};
		A25D8D032FB9016700FF4D56 /* Debug */ = {
			isa = XCBuildConfiguration;
			buildSettings = {
				ASSETCATALOG_COMPILER_APPICON_NAME = AppIcon;
				ASSETCATALOG_COMPILER_GLOBAL_ACCENT_COLOR_NAME = AccentColor;
				CODE_SIGN_STYLE = Automatic;
				CURRENT_PROJECT_VERSION = 1;
				GENERATE_INFOPLIST_FILE = YES;
				INFOPLIST_FILE = "iOS (App)/Info.plist";
				INFOPLIST_KEY_CFBundleDisplayName = ScreenshotSafe;
				INFOPLIST_KEY_UIApplicationSupportsIndirectInputEvents = YES;
				INFOPLIST_KEY_UILaunchStoryboardName = LaunchScreen;
				INFOPLIST_KEY_UIMainStoryboardFile = Main;
				INFOPLIST_KEY_UISupportedInterfaceOrientations = "UIInterfaceOrientationPortrait UIInterfaceOrientationLandscapeLeft UIInterfaceOrientationLandscapeRight";
				INFOPLIST_KEY_UISupportedInterfaceOrientations_iPad = "UIInterfaceOrientationPortrait UIInterfaceOrientationPortraitUpsideDown UIInterfaceOrientationLandscapeLeft UIInterfaceOrientationLandscapeRight";
				IPHONEOS_DEPLOYMENT_TARGET = 15.0;
				LD_RUNPATH_SEARCH_PATHS = (
					"$(inherited)",
					"@executable_path/Frameworks",
				);
				MARKETING_VERSION = 1.0;
				OTHER_LDFLAGS = (
					"-framework",
					SafariServices,
					"-framework",
					WebKit,
				);
				PRODUCT_BUNDLE_IDENTIFIER = com.screenshotsafe.safari;
				PRODUCT_NAME = ScreenshotSafe;
				SDKROOT = iphoneos;
				STRING_CATALOG_GENERATE_SYMBOLS = YES;
				SWIFT_APPROACHABLE_CONCURRENCY = YES;
				SWIFT_DEFAULT_ACTOR_ISOLATION = MainActor;
				SWIFT_EMIT_LOC_STRINGS = YES;
				SWIFT_UPCOMING_FEATURE_MEMBER_IMPORT_VISIBILITY = YES;
				SWIFT_VERSION = 5.0;
				TARGETED_DEVICE_FAMILY = "1,2";
			};
			name = Debug;
		};
		A25D8D042FB9016700FF4D56 /* Release */ = {
			isa = XCBuildConfiguration;
			buildSettings = {
				ASSETCATALOG_COMPILER_APPICON_NAME = AppIcon;
				ASSETCATALOG_COMPILER_GLOBAL_ACCENT_COLOR_NAME = AccentColor;
				CODE_SIGN_STYLE = Automatic;
				CURRENT_PROJECT_VERSION = 1;
				GENERATE_INFOPLIST_FILE = YES;
				INFOPLIST_FILE = "iOS (App)/Info.plist";
				INFOPLIST_KEY_CFBundleDisplayName = ScreenshotSafe;
				INFOPLIST_KEY_UIApplicationSupportsIndirectInputEvents = YES;
				INFOPLIST_KEY_UILaunchStoryboardName = LaunchScreen;
				INFOPLIST_KEY_UIMainStoryboardFile = Main;
				INFOPLIST_KEY_UISupportedInterfaceOrientations = "UIInterfaceOrientationPortrait UIInterfaceOrientationLandscapeLeft UIInterfaceOrientationLandscapeRight";
				INFOPLIST_KEY_UISupportedInterfaceOrientations_iPad = "UIInterfaceOrientationPortrait UIInterfaceOrientationPortraitUpsideDown UIInterfaceOrientationLandscapeLeft UIInterfaceOrientationLandscapeRight";
				IPHONEOS_DEPLOYMENT_TARGET = 15.0;
				LD_RUNPATH_SEARCH_PATHS = (
					"$(inherited)",
					"@executable_path/Frameworks",
				);
				MARKETING_VERSION = 1.0;
				OTHER_LDFLAGS = (
					"-framework",
					SafariServices,
					"-framework",
					WebKit,
				);
				PRODUCT_BUNDLE_IDENTIFIER = com.screenshotsafe.safari;
				PRODUCT_NAME = ScreenshotSafe;
				SDKROOT = iphoneos;
				STRING_CATALOG_GENERATE_SYMBOLS = YES;
				SWIFT_APPROACHABLE_CONCURRENCY = YES;
				SWIFT_DEFAULT_ACTOR_ISOLATION = MainActor;
				SWIFT_EMIT_LOC_STRINGS = YES;
				SWIFT_UPCOMING_FEATURE_MEMBER_IMPORT_VISIBILITY = YES;
				SWIFT_VERSION = 5.0;
				TARGETED_DEVICE_FAMILY = "1,2";
				VALIDATE_PRODUCT = YES;
			};
			name = Release;
		};
		A25D8D062FB9016700FF4D56 /* Debug */ = {
			isa = XCBuildConfiguration;
			buildSettings = {
				CODE_SIGN_STYLE = Automatic;
				CURRENT_PROJECT_VERSION = 1;
				ENABLE_APP_SANDBOX = YES;
				ENABLE_HARDENED_RUNTIME = YES;
				ENABLE_USER_SELECTED_FILES = readonly;
				GENERATE_INFOPLIST_FILE = YES;
				INFOPLIST_FILE = "macOS (Extension)/Info.plist";
				INFOPLIST_KEY_CFBundleDisplayName = "ScreenshotSafe Extension";
				INFOPLIST_KEY_NSHumanReadableCopyright = "";
				LD_RUNPATH_SEARCH_PATHS = (
					"$(inherited)",
					"@executable_path/../Frameworks",
					"@executable_path/../../../../Frameworks",
				);
				MACOSX_DEPLOYMENT_TARGET = 10.14;
				MARKETING_VERSION = 1.0;
				OTHER_LDFLAGS = (
					"-framework",
					SafariServices,
				);
				PRODUCT_BUNDLE_IDENTIFIER = com.screenshotsafe.safari.Extension;
				PRODUCT_NAME = "ScreenshotSafe Extension";
				SDKROOT = macosx;
				SKIP_INSTALL = YES;
				STRING_CATALOG_GENERATE_SYMBOLS = YES;
				SWIFT_APPROACHABLE_CONCURRENCY = YES;
				SWIFT_EMIT_LOC_STRINGS = YES;
				SWIFT_UPCOMING_FEATURE_MEMBER_IMPORT_VISIBILITY = YES;
				SWIFT_VERSION = 5.0;
			};
			name = Debug;
		};
		A25D8D072FB9016700FF4D56 /* Release */ = {
			isa = XCBuildConfiguration;
			buildSettings = {
				CODE_SIGN_STYLE = Automatic;
				CURRENT_PROJECT_VERSION = 1;
				ENABLE_APP_SANDBOX = YES;
				ENABLE_HARDENED_RUNTIME = YES;
				ENABLE_USER_SELECTED_FILES = readonly;
				GENERATE_INFOPLIST_FILE = YES;
				INFOPLIST_FILE = "macOS (Extension)/Info.plist";
				INFOPLIST_KEY_CFBundleDisplayName = "ScreenshotSafe Extension";
				INFOPLIST_KEY_NSHumanReadableCopyright = "";
				LD_RUNPATH_SEARCH_PATHS = (
					"$(inherited)",
					"@executable_path/../Frameworks",
					"@executable_path/../../../../Frameworks",
				);
				MACOSX_DEPLOYMENT_TARGET = 10.14;
				MARKETING_VERSION = 1.0;
				OTHER_LDFLAGS = (
					"-framework",
					SafariServices,
				);
				PRODUCT_BUNDLE_IDENTIFIER = com.screenshotsafe.safari.Extension;
				PRODUCT_NAME = "ScreenshotSafe Extension";
				SDKROOT = macosx;
				SKIP_INSTALL = YES;
				STRING_CATALOG_GENERATE_SYMBOLS = YES;
				SWIFT_APPROACHABLE_CONCURRENCY = YES;
				SWIFT_EMIT_LOC_STRINGS = YES;
				SWIFT_UPCOMING_FEATURE_MEMBER_IMPORT_VISIBILITY = YES;
				SWIFT_VERSION = 5.0;
			};
			name = Release;
		};
		A25D8D0A2FB9016700FF4D56 /* Debug */ = {
			isa = XCBuildConfiguration;
			buildSettings = {
				ASSETCATALOG_COMPILER_APPICON_NAME = AppIcon;
				ASSETCATALOG_COMPILER_GLOBAL_ACCENT_COLOR_NAME = AccentColor;
				CODE_SIGN_STYLE = Automatic;
				CURRENT_PROJECT_VERSION = 1;
				ENABLE_APP_SANDBOX = YES;
				ENABLE_HARDENED_RUNTIME = YES;
				ENABLE_OUTGOING_NETWORK_CONNECTIONS = YES;
				ENABLE_USER_SELECTED_FILES = readonly;
				GENERATE_INFOPLIST_FILE = YES;
				INFOPLIST_FILE = "macOS (App)/Info.plist";
				INFOPLIST_KEY_CFBundleDisplayName = ScreenshotSafe;
				INFOPLIST_KEY_NSMainStoryboardFile = Main;
				INFOPLIST_KEY_NSPrincipalClass = NSApplication;
				LD_RUNPATH_SEARCH_PATHS = (
					"$(inherited)",
					"@executable_path/../Frameworks",
				);
				MACOSX_DEPLOYMENT_TARGET = 10.14;
				MARKETING_VERSION = 1.0;
				OTHER_LDFLAGS = (
					"-framework",
					SafariServices,
					"-framework",
					WebKit,
				);
				PRODUCT_BUNDLE_IDENTIFIER = com.screenshotsafe.safari;
				PRODUCT_NAME = ScreenshotSafe;
				REGISTER_APP_GROUPS = YES;
				SDKROOT = macosx;
				STRING_CATALOG_GENERATE_SYMBOLS = YES;
				SWIFT_APPROACHABLE_CONCURRENCY = YES;
				SWIFT_DEFAULT_ACTOR_ISOLATION = MainActor;
				SWIFT_EMIT_LOC_STRINGS = YES;
				SWIFT_UPCOMING_FEATURE_MEMBER_IMPORT_VISIBILITY = YES;
				SWIFT_VERSION = 5.0;
			};
			name = Debug;
		};
		A25D8D0B2FB9016700FF4D56 /* Release */ = {
			isa = XCBuildConfiguration;
			buildSettings = {
				ASSETCATALOG_COMPILER_APPICON_NAME = AppIcon;
				ASSETCATALOG_COMPILER_GLOBAL_ACCENT_COLOR_NAME = AccentColor;
				CODE_SIGN_STYLE = Automatic;
				CURRENT_PROJECT_VERSION = 1;
				ENABLE_APP_SANDBOX = YES;
				ENABLE_HARDENED_RUNTIME = YES;
				ENABLE_OUTGOING_NETWORK_CONNECTIONS = YES;
				ENABLE_USER_SELECTED_FILES = readonly;
				GENERATE_INFOPLIST_FILE = YES;
				INFOPLIST_FILE = "macOS (App)/Info.plist";
				INFOPLIST_KEY_CFBundleDisplayName = ScreenshotSafe;
				INFOPLIST_KEY_NSMainStoryboardFile = Main;
				INFOPLIST_KEY_NSPrincipalClass = NSApplication;
				LD_RUNPATH_SEARCH_PATHS = (
					"$(inherited)",
					"@executable_path/../Frameworks",
				);
				MACOSX_DEPLOYMENT_TARGET = 10.14;
				MARKETING_VERSION = 1.0;
				OTHER_LDFLAGS = (
					"-framework",
					SafariServices,
					"-framework",
					WebKit,
				);
				PRODUCT_BUNDLE_IDENTIFIER = com.screenshotsafe.safari;
				PRODUCT_NAME = ScreenshotSafe;
				REGISTER_APP_GROUPS = YES;
				SDKROOT = macosx;
				STRING_CATALOG_GENERATE_SYMBOLS = YES;
				SWIFT_APPROACHABLE_CONCURRENCY = YES;
				SWIFT_DEFAULT_ACTOR_ISOLATION = MainActor;
				SWIFT_EMIT_LOC_STRINGS = YES;
				SWIFT_UPCOMING_FEATURE_MEMBER_IMPORT_VISIBILITY = YES;
				SWIFT_VERSION = 5.0;
			};
			name = Release;
		};
/* End XCBuildConfiguration section */

/* Begin XCConfigurationList section */
		A25D8CB02FB9016500FF4D56 /* Build configuration list for PBXProject "ScreenshotSafe" */ = {
			isa = XCConfigurationList;
			buildConfigurations = (
				A25D8CFC2FB9016700FF4D56 /* Debug */,
				A25D8CFD2FB9016700FF4D56 /* Release */,
			);
			defaultConfigurationIsVisible = 0;
			defaultConfigurationName = Release;
		};
		A25D8CFE2FB9016700FF4D56 /* Build configuration list for PBXNativeTarget "ScreenshotSafe Extension (iOS)" */ = {
			isa = XCConfigurationList;
			buildConfigurations = (
				A25D8CFF2FB9016700FF4D56 /* Debug */,
				A25D8D002FB9016700FF4D56 /* Release */,
			);
			defaultConfigurationIsVisible = 0;
			defaultConfigurationName = Release;
		};
		A25D8D022FB9016700FF4D56 /* Build configuration list for PBXNativeTarget "ScreenshotSafe (iOS)" */ = {
			isa = XCConfigurationList;
			buildConfigurations = (
				A25D8D032FB9016700FF4D56 /* Debug */,
				A25D8D042FB9016700FF4D56 /* Release */,
			);
			defaultConfigurationIsVisible = 0;
			defaultConfigurationName = Release;
		};
		A25D8D052FB9016700FF4D56 /* Build configuration list for PBXNativeTarget "ScreenshotSafe Extension (macOS)" */ = {
			isa = XCConfigurationList;
			buildConfigurations = (
				A25D8D062FB9016700FF4D56 /* Debug */,
				A25D8D072FB9016700FF4D56 /* Release */,
			);
			defaultConfigurationIsVisible = 0;
			defaultConfigurationName = Release;
		};
		A25D8D092FB9016700FF4D56 /* Build configuration list for PBXNativeTarget "ScreenshotSafe (macOS)" */ = {
			isa = XCConfigurationList;
			buildConfigurations = (
				A25D8D0A2FB9016700FF4D56 /* Debug */,
				A25D8D0B2FB9016700FF4D56 /* Release */,
			);
			defaultConfigurationIsVisible = 0;
			defaultConfigurationName = Release;
		};
/* End XCConfigurationList section */
	};
	rootObject = A25D8CAD2FB9016500FF4D56 /* Project object */;
}
