// !$*UTF8*$!
{
	archiveVersion = 1;
	classes = {
	};
	objectVersion = 77;
	objects = {

/* Begin PBXBuildFile section */
		A2FB8AB92FBA180C005916E6 /* AppDelegate.swift in Sources */ = {isa = PBXBuildFile; fileRef = A2FB8AB82FBA180C005916E6 /* AppDelegate.swift */; };
		A2FB8ABB2FBA180C005916E6 /* SceneDelegate.swift in Sources */ = {isa = PBXBuildFile; fileRef = A2FB8ABA2FBA180C005916E6 /* SceneDelegate.swift */; };
		A2FB8ABE2FBA180C005916E6 /* LaunchScreen.storyboard in Resources */ = {isa = PBXBuildFile; fileRef = A2FB8ABC2FBA180C005916E6 /* LaunchScreen.storyboard */; };
		A2FB8AC12FBA180C005916E6 /* Main.storyboard in Resources */ = {isa = PBXBuildFile; fileRef = A2FB8ABF2FBA180C005916E6 /* Main.storyboard */; };
		A2FB8ACA2FBA180C005916E6 /* AppDelegate.swift in Sources */ = {isa = PBXBuildFile; fileRef = A2FB8AC92FBA180C005916E6 /* AppDelegate.swift */; };
		A2FB8ACD2FBA180C005916E6 /* Main.storyboard in Resources */ = {isa = PBXBuildFile; fileRef = A2FB8ACB2FBA180C005916E6 /* Main.storyboard */; };
		A2FB8AD42FBA180C005916E6 /* ScreenshotSafe Extension.appex in Embed Foundation Extensions */ = {isa = PBXBuildFile; fileRef = A2FB8AD32FBA180C005916E6 /* ScreenshotSafe Extension.appex */; settings = {ATTRIBUTES = (RemoveHeadersOnCopy, ); }; };
		A2FB8ADE2FBA180C005916E6 /* ScreenshotSafe Extension.appex in Embed Foundation Extensions */ = {isa = PBXBuildFile; fileRef = A2FB8ADD2FBA180C005916E6 /* ScreenshotSafe Extension.appex */; settings = {ATTRIBUTES = (RemoveHeadersOnCopy, ); }; };
		A2FB8AE32FBA180C005916E6 /* Main.html in Resources */ = {isa = PBXBuildFile; fileRef = A2FB8AA82FBA180B005916E6 /* Main.html */; };
		A2FB8AE42FBA180C005916E6 /* Main.html in Resources */ = {isa = PBXBuildFile; fileRef = A2FB8AA82FBA180B005916E6 /* Main.html */; };
		A2FB8AE52FBA180C005916E6 /* Icon.png in Resources */ = {isa = PBXBuildFile; fileRef = A2FB8AAA2FBA180B005916E6 /* Icon.png */; };
		A2FB8AE62FBA180C005916E6 /* Icon.png in Resources */ = {isa = PBXBuildFile; fileRef = A2FB8AAA2FBA180B005916E6 /* Icon.png */; };
		A2FB8AE72FBA180C005916E6 /* Style.css in Resources */ = {isa = PBXBuildFile; fileRef = A2FB8AAB2FBA180B005916E6 /* Style.css */; };
		A2FB8AE82FBA180C005916E6 /* Style.css in Resources */ = {isa = PBXBuildFile; fileRef = A2FB8AAB2FBA180B005916E6 /* Style.css */; };
		A2FB8AE92FBA180C005916E6 /* Script.js in Resources */ = {isa = PBXBuildFile; fileRef = A2FB8AAC2FBA180B005916E6 /* Script.js */; };
		A2FB8AEA2FBA180C005916E6 /* Script.js in Resources */ = {isa = PBXBuildFile; fileRef = A2FB8AAC2FBA180B005916E6 /* Script.js */; };
		A2FB8AEB2FBA180C005916E6 /* ViewController.swift in Sources */ = {isa = PBXBuildFile; fileRef = A2FB8AAD2FBA180B005916E6 /* ViewController.swift */; };
		A2FB8AEC2FBA180C005916E6 /* ViewController.swift in Sources */ = {isa = PBXBuildFile; fileRef = A2FB8AAD2FBA180B005916E6 /* ViewController.swift */; };
		A2FB8AED2FBA180C005916E6 /* Assets.xcassets in Resources */ = {isa = PBXBuildFile; fileRef = A2FB8AAE2FBA180C005916E6 /* Assets.xcassets */; };
		A2FB8AEE2FBA180C005916E6 /* Assets.xcassets in Resources */ = {isa = PBXBuildFile; fileRef = A2FB8AAE2FBA180C005916E6 /* Assets.xcassets */; };
		A2FB8AEF2FBA180C005916E6 /* SafariWebExtensionHandler.swift in Sources */ = {isa = PBXBuildFile; fileRef = A2FB8AB02FBA180C005916E6 /* SafariWebExtensionHandler.swift */; };
		A2FB8AF02FBA180C005916E6 /* SafariWebExtensionHandler.swift in Sources */ = {isa = PBXBuildFile; fileRef = A2FB8AB02FBA180C005916E6 /* SafariWebExtensionHandler.swift */; };
		A2FB8B0C2FBA180C005916E6 /* popup.js in Resources */ = {isa = PBXBuildFile; fileRef = A2FB8B022FBA180C005916E6 /* popup.js */; };
		A2FB8B0D2FBA180C005916E6 /* webext-api.js in Resources */ = {isa = PBXBuildFile; fileRef = A2FB8B032FBA180C005916E6 /* webext-api.js */; };
		A2FB8B0E2FBA180C005916E6 /* background.js in Resources */ = {isa = PBXBuildFile; fileRef = A2FB8B042FBA180C005916E6 /* background.js */; };
		A2FB8B0F2FBA180C005916E6 /* popup.html in Resources */ = {isa = PBXBuildFile; fileRef = A2FB8B052FBA180C005916E6 /* popup.html */; };
		A2FB8B102FBA180C005916E6 /* options.js in Resources */ = {isa = PBXBuildFile; fileRef = A2FB8B062FBA180C005916E6 /* options.js */; };
		A2FB8B112FBA180C005916E6 /* editor.html in Resources */ = {isa = PBXBuildFile; fileRef = A2FB8B072FBA180C005916E6 /* editor.html */; };
		A2FB8B122FBA180C005916E6 /* editor.js in Resources */ = {isa = PBXBuildFile; fileRef = A2FB8B082FBA180C005916E6 /* editor.js */; };
		A2FB8B132FBA180C005916E6 /* icons in Resources */ = {isa = PBXBuildFile; fileRef = A2FB8B092FBA180C005916E6 /* icons */; };
		A2FB8B142FBA180C005916E6 /* manifest.json in Resources */ = {isa = PBXBuildFile; fileRef = A2FB8B0A2FBA180C005916E6 /* manifest.json */; };
		A2FB8B152FBA180C005916E6 /* options.html in Resources */ = {isa = PBXBuildFile; fileRef = A2FB8B0B2FBA180C005916E6 /* options.html */; };
		A2FB8B162FBA180C005916E6 /* popup.js in Resources */ = {isa = PBXBuildFile; fileRef = A2FB8B022FBA180C005916E6 /* popup.js */; };
		A2FB8B172FBA180C005916E6 /* webext-api.js in Resources */ = {isa = PBXBuildFile; fileRef = A2FB8B032FBA180C005916E6 /* webext-api.js */; };
		A2FB8B182FBA180C005916E6 /* background.js in Resources */ = {isa = PBXBuildFile; fileRef = A2FB8B042FBA180C005916E6 /* background.js */; };
		A2FB8B192FBA180C005916E6 /* popup.html in Resources */ = {isa = PBXBuildFile; fileRef = A2FB8B052FBA180C005916E6 /* popup.html */; };
		A2FB8B1A2FBA180C005916E6 /* options.js in Resources */ = {isa = PBXBuildFile; fileRef = A2FB8B062FBA180C005916E6 /* options.js */; };
		A2FB8B1B2FBA180C005916E6 /* editor.html in Resources */ = {isa = PBXBuildFile; fileRef = A2FB8B072FBA180C005916E6 /* editor.html */; };
		A2FB8B1C2FBA180C005916E6 /* editor.js in Resources */ = {isa = PBXBuildFile; fileRef = A2FB8B082FBA180C005916E6 /* editor.js */; };
		A2FB8B1D2FBA180C005916E6 /* icons in Resources */ = {isa = PBXBuildFile; fileRef = A2FB8B092FBA180C005916E6 /* icons */; };
		A2FB8B1E2FBA180C005916E6 /* manifest.json in Resources */ = {isa = PBXBuildFile; fileRef = A2FB8B0A2FBA180C005916E6 /* manifest.json */; };
		A2FB8B1F2FBA180C005916E6 /* options.html in Resources */ = {isa = PBXBuildFile; fileRef = A2FB8B0B2FBA180C005916E6 /* options.html */; };
		C0D000042FBA999900000004 /* ScreenshotSafeSettings.swift in Sources */ = {isa = PBXBuildFile; fileRef = C0D000012FBA999900000001 /* ScreenshotSafeSettings.swift */; };
		C0D000052FBA999900000005 /* ScreenshotSafeUploadClient.swift in Sources */ = {isa = PBXBuildFile; fileRef = C0D000022FBA999900000002 /* ScreenshotSafeUploadClient.swift */; };
		C0D000062FBA999900000006 /* ScreenshotSafeSettings.swift in Sources */ = {isa = PBXBuildFile; fileRef = C0D000012FBA999900000001 /* ScreenshotSafeSettings.swift */; };
		C0D000072FBA999900000007 /* ScreenshotSafeUploadClient.swift in Sources */ = {isa = PBXBuildFile; fileRef = C0D000022FBA999900000002 /* ScreenshotSafeUploadClient.swift */; };
		C0D000092FBA999900000009 /* ShareViewController.swift in Sources */ = {isa = PBXBuildFile; fileRef = C0D000082FBA999900000008 /* ShareViewController.swift */; };
		C0D000102FBA999900000010 /* ScreenshotSafe Share.appex in Embed Foundation Extensions */ = {isa = PBXBuildFile; fileRef = C0D0000D2FBA99990000000D /* ScreenshotSafe Share.appex */; settings = {ATTRIBUTES = (RemoveHeadersOnCopy, ); }; };
		C0D0001A2FBA99990000001A /* ScreenshotSafeSettings.swift in Sources */ = {isa = PBXBuildFile; fileRef = C0D000012FBA999900000001 /* ScreenshotSafeSettings.swift */; };
		C0D0001B2FBA99990000001B /* ScreenshotSafeUploadClient.swift in Sources */ = {isa = PBXBuildFile; fileRef = C0D000022FBA999900000002 /* ScreenshotSafeUploadClient.swift */; };
/* End PBXBuildFile section */

/* Begin PBXContainerItemProxy section */
		A2FB8AD52FBA180C005916E6 /* PBXContainerItemProxy */ = {
			isa = PBXContainerItemProxy;
			containerPortal = A2FB8AA22FBA180B005916E6 /* Project object */;
			proxyType = 1;
			remoteGlobalIDString = A2FB8AD22FBA180C005916E6;
			remoteInfo = "ScreenshotSafe Extension (iOS)";
		};
		A2FB8ADF2FBA180C005916E6 /* PBXContainerItemProxy */ = {
			isa = PBXContainerItemProxy;
			containerPortal = A2FB8AA22FBA180B005916E6 /* Project object */;
			proxyType = 1;
			remoteGlobalIDString = A2FB8ADC2FBA180C005916E6;
			remoteInfo = "ScreenshotSafe Extension (macOS)";
		};
		C0D000112FBA999900000011 /* PBXContainerItemProxy */ = {
			isa = PBXContainerItemProxy;
			containerPortal = A2FB8AA22FBA180B005916E6 /* Project object */;
			proxyType = 1;
			remoteGlobalIDString = C0D000152FBA999900000015;
			remoteInfo = "ScreenshotSafe Share Extension (macOS)";
		};
/* End PBXContainerItemProxy section */

/* Begin PBXCopyFilesBuildPhase section */
		A2FB8AF62FBA180C005916E6 /* Embed Foundation Extensions */ = {
			isa = PBXCopyFilesBuildPhase;
			buildActionMask = 2147483647;
			dstPath = "";
			dstSubfolderSpec = 13;
			files = (
				A2FB8AD42FBA180C005916E6 /* ScreenshotSafe Extension.appex in Embed Foundation Extensions */,
			);
			name = "Embed Foundation Extensions";
			runOnlyForDeploymentPostprocessing = 0;
		};
		A2FB8AFD2FBA180C005916E6 /* Embed Foundation Extensions */ = {
			isa = PBXCopyFilesBuildPhase;
			buildActionMask = 2147483647;
			dstPath = "";
			dstSubfolderSpec = 13;
			files = (
				A2FB8ADE2FBA180C005916E6 /* ScreenshotSafe Extension.appex in Embed Foundation Extensions */,
				C0D000102FBA999900000010 /* ScreenshotSafe Share.appex in Embed Foundation Extensions */,
			);
			name = "Embed Foundation Extensions";
			runOnlyForDeploymentPostprocessing = 0;
		};
/* End PBXCopyFilesBuildPhase section */

/* Begin PBXFileReference section */
		A2FB8AA92FBA180B005916E6 /* Base */ = {isa = PBXFileReference; lastKnownFileType = text.html; name = Base; path = Base.lproj/Main.html; sourceTree = "<group>"; };
		A2FB8AAA2FBA180B005916E6 /* Icon.png */ = {isa = PBXFileReference; lastKnownFileType = image.png; path = Icon.png; sourceTree = "<group>"; };
		A2FB8AAB2FBA180B005916E6 /* Style.css */ = {isa = PBXFileReference; lastKnownFileType = text.css; path = Style.css; sourceTree = "<group>"; };
		A2FB8AAC2FBA180B005916E6 /* Script.js */ = {isa = PBXFileReference; lastKnownFileType = sourcecode.javascript; path = Script.js; sourceTree = "<group>"; };
		A2FB8AAD2FBA180B005916E6 /* ViewController.swift */ = {isa = PBXFileReference; lastKnownFileType = sourcecode.swift; path = ViewController.swift; sourceTree = "<group>"; };
		A2FB8AAE2FBA180C005916E6 /* Assets.xcassets */ = {isa = PBXFileReference; lastKnownFileType = folder.assetcatalog; path = Assets.xcassets; sourceTree = "<group>"; };
		A2FB8AB02FBA180C005916E6 /* SafariWebExtensionHandler.swift */ = {isa = PBXFileReference; lastKnownFileType = sourcecode.swift; path = SafariWebExtensionHandler.swift; sourceTree = "<group>"; };
		A2FB8AB52FBA180C005916E6 /* ScreenshotSafe.app */ = {isa = PBXFileReference; explicitFileType = wrapper.application; includeInIndex = 0; path = ScreenshotSafe.app; sourceTree = BUILT_PRODUCTS_DIR; };
		A2FB8AB82FBA180C005916E6 /* AppDelegate.swift */ = {isa = PBXFileReference; lastKnownFileType = sourcecode.swift; path = AppDelegate.swift; sourceTree = "<group>"; };
		A2FB8ABA2FBA180C005916E6 /* SceneDelegate.swift */ = {isa = PBXFileReference; lastKnownFileType = sourcecode.swift; path = SceneDelegate.swift; sourceTree = "<group>"; };
		A2FB8ABD2FBA180C005916E6 /* Base */ = {isa = PBXFileReference; lastKnownFileType = file.storyboard; name = Base; path = Base.lproj/LaunchScreen.storyboard; sourceTree = "<group>"; };
		A2FB8AC02FBA180C005916E6 /* Base */ = {isa = PBXFileReference; lastKnownFileType = file.storyboard; name = Base; path = Base.lproj/Main.storyboard; sourceTree = "<group>"; };
		A2FB8AC22FBA180C005916E6 /* Info.plist */ = {isa = PBXFileReference; lastKnownFileType = text.plist.xml; path = Info.plist; sourceTree = "<group>"; };
		A2FB8AC72FBA180C005916E6 /* ScreenshotSafe.app */ = {isa = PBXFileReference; explicitFileType = wrapper.application; includeInIndex = 0; path = ScreenshotSafe.app; sourceTree = BUILT_PRODUCTS_DIR; };
		A2FB8AC92FBA180C005916E6 /* AppDelegate.swift */ = {isa = PBXFileReference; lastKnownFileType = sourcecode.swift; path = AppDelegate.swift; sourceTree = "<group>"; };
		A2FB8ACC2FBA180C005916E6 /* Base */ = {isa = PBXFileReference; lastKnownFileType = file.storyboard; name = Base; path = Base.lproj/Main.storyboard; sourceTree = "<group>"; };
		A2FB8ACE2FBA180C005916E6 /* Info.plist */ = {isa = PBXFileReference; lastKnownFileType = text.plist.xml; path = Info.plist; sourceTree = "<group>"; };
		A2FB8AD32FBA180C005916E6 /* ScreenshotSafe Extension.appex */ = {isa = PBXFileReference; explicitFileType = "wrapper.app-extension"; includeInIndex = 0; path = "ScreenshotSafe Extension.appex"; sourceTree = BUILT_PRODUCTS_DIR; };
		A2FB8AD82FBA180C005916E6 /* Info.plist */ = {isa = PBXFileReference; lastKnownFileType = text.plist.xml; path = Info.plist; sourceTree = "<group>"; };
		A2FB8ADD2FBA180C005916E6 /* ScreenshotSafe Extension.appex */ = {isa = PBXFileReference; explicitFileType = "wrapper.app-extension"; includeInIndex = 0; path = "ScreenshotSafe Extension.appex"; sourceTree = BUILT_PRODUCTS_DIR; };
		A2FB8AE22FBA180C005916E6 /* Info.plist */ = {isa = PBXFileReference; lastKnownFileType = text.plist.xml; path = Info.plist; sourceTree = "<group>"; };
		A2FB8B022FBA180C005916E6 /* popup.js */ = {isa = PBXFileReference; lastKnownFileType = sourcecode.javascript; name = popup.js; path = Resources/popup.js; sourceTree = "<group>"; };
		A2FB8B032FBA180C005916E6 /* webext-api.js */ = {isa = PBXFileReference; lastKnownFileType = sourcecode.javascript; name = "webext-api.js"; path = "Resources/webext-api.js"; sourceTree = "<group>"; };
		A2FB8B042FBA180C005916E6 /* background.js */ = {isa = PBXFileReference; lastKnownFileType = sourcecode.javascript; name = background.js; path = Resources/background.js; sourceTree = "<group>"; };
		A2FB8B052FBA180C005916E6 /* popup.html */ = {isa = PBXFileReference; lastKnownFileType = text.html; name = popup.html; path = Resources/popup.html; sourceTree = "<group>"; };
		A2FB8B062FBA180C005916E6 /* options.js */ = {isa = PBXFileReference; lastKnownFileType = sourcecode.javascript; name = options.js; path = Resources/options.js; sourceTree = "<group>"; };
		A2FB8B072FBA180C005916E6 /* editor.html */ = {isa = PBXFileReference; lastKnownFileType = text.html; name = editor.html; path = Resources/editor.html; sourceTree = "<group>"; };
		A2FB8B082FBA180C005916E6 /* editor.js */ = {isa = PBXFileReference; lastKnownFileType = sourcecode.javascript; name = editor.js; path = Resources/editor.js; sourceTree = "<group>"; };
		A2FB8B092FBA180C005916E6 /* icons */ = {isa = PBXFileReference; lastKnownFileType = folder; name = icons; path = Resources/icons; sourceTree = "<group>"; };
		A2FB8B0A2FBA180C005916E6 /* manifest.json */ = {isa = PBXFileReference; lastKnownFileType = text.json; name = manifest.json; path = Resources/manifest.json; sourceTree = "<group>"; };
		A2FB8B0B2FBA180C005916E6 /* options.html */ = {isa = PBXFileReference; lastKnownFileType = text.html; name = options.html; path = Resources/options.html; sourceTree = "<group>"; };
		C0D000012FBA999900000001 /* ScreenshotSafeSettings.swift */ = {isa = PBXFileReference; lastKnownFileType = sourcecode.swift; path = ScreenshotSafeSettings.swift; sourceTree = "<group>"; };
		C0D000022FBA999900000002 /* ScreenshotSafeUploadClient.swift */ = {isa = PBXFileReference; lastKnownFileType = sourcecode.swift; path = ScreenshotSafeUploadClient.swift; sourceTree = "<group>"; };
		C0D000082FBA999900000008 /* ShareViewController.swift */ = {isa = PBXFileReference; lastKnownFileType = sourcecode.swift; path = ShareViewController.swift; sourceTree = "<group>"; };
		C0D0000A2FBA99990000000A /* Info.plist */ = {isa = PBXFileReference; lastKnownFileType = text.plist.xml; path = Info.plist; sourceTree = "<group>"; };
		C0D0000B2FBA99990000000B /* ScreenshotSafe.entitlements */ = {isa = PBXFileReference; lastKnownFileType = text.plist.entitlements; path = ScreenshotSafe.entitlements; sourceTree = "<group>"; };
		C0D0000C2FBA99990000000C /* ScreenshotSafeShare.entitlements */ = {isa = PBXFileReference; lastKnownFileType = text.plist.entitlements; path = ScreenshotSafeShare.entitlements; sourceTree = "<group>"; };
		C0D0000D2FBA99990000000D /* ScreenshotSafe Share.appex */ = {isa = PBXFileReference; explicitFileType = "wrapper.app-extension"; includeInIndex = 0; path = "ScreenshotSafe Share.appex"; sourceTree = BUILT_PRODUCTS_DIR; };
/* End PBXFileReference section */

/* Begin PBXFrameworksBuildPhase section */
		A2FB8AB22FBA180C005916E6 /* Frameworks */ = {
			isa = PBXFrameworksBuildPhase;
			buildActionMask = 2147483647;
			files = (
			);
			runOnlyForDeploymentPostprocessing = 0;
		};
		A2FB8AC42FBA180C005916E6 /* Frameworks */ = {
			isa = PBXFrameworksBuildPhase;
			buildActionMask = 2147483647;
			files = (
			);
			runOnlyForDeploymentPostprocessing = 0;
		};
		A2FB8AD02FBA180C005916E6 /* Frameworks */ = {
			isa = PBXFrameworksBuildPhase;
			buildActionMask = 2147483647;
			files = (
			);
			runOnlyForDeploymentPostprocessing = 0;
		};
		A2FB8ADA2FBA180C005916E6 /* Frameworks */ = {
			isa = PBXFrameworksBuildPhase;
			buildActionMask = 2147483647;
			files = (
			);
			runOnlyForDeploymentPostprocessing = 0;
		};
		C0D000122FBA999900000012 /* Frameworks */ = {
			isa = PBXFrameworksBuildPhase;
			buildActionMask = 2147483647;
			files = (
			);
			runOnlyForDeploymentPostprocessing = 0;
		};
/* End PBXFrameworksBuildPhase section */

/* Begin PBXGroup section */
		A2FB8AA12FBA180B005916E6 = {
			isa = PBXGroup;
			children = (
				A2FB8AA62FBA180B005916E6 /* Shared (App) */,
				C0D000032FBA999900000003 /* Shared (Native) */,
				A2FB8AAF2FBA180C005916E6 /* Shared (Extension) */,
				A2FB8AB72FBA180C005916E6 /* iOS (App) */,
				A2FB8AC82FBA180C005916E6 /* macOS (App) */,
				A2FB8AD72FBA180C005916E6 /* iOS (Extension) */,
				A2FB8AE12FBA180C005916E6 /* macOS (Extension) */,
				C0D0000E2FBA99990000000E /* macOS (Share Extension) */,
				A2FB8AB62FBA180C005916E6 /* Products */,
			);
			sourceTree = "<group>";
		};
		A2FB8AA62FBA180B005916E6 /* Shared (App) */ = {
			isa = PBXGroup;
			children = (
				A2FB8AAD2FBA180B005916E6 /* ViewController.swift */,
				A2FB8AAE2FBA180C005916E6 /* Assets.xcassets */,
				A2FB8AA72FBA180B005916E6 /* Resources */,
			);
			path = "Shared (App)";
			sourceTree = "<group>";
		};
		A2FB8AA72FBA180B005916E6 /* Resources */ = {
			isa = PBXGroup;
			children = (
				A2FB8AA82FBA180B005916E6 /* Main.html */,
				A2FB8AAA2FBA180B005916E6 /* Icon.png */,
				A2FB8AAB2FBA180B005916E6 /* Style.css */,
				A2FB8AAC2FBA180B005916E6 /* Script.js */,
			);
			path = Resources;
			sourceTree = "<group>";
		};
		A2FB8AAF2FBA180C005916E6 /* Shared (Extension) */ = {
			isa = PBXGroup;
			children = (
				A2FB8B012FBA180C005916E6 /* Resources */,
				A2FB8AB02FBA180C005916E6 /* SafariWebExtensionHandler.swift */,
			);
			path = "Shared (Extension)";
			sourceTree = "<group>";
		};
		A2FB8AB62FBA180C005916E6 /* Products */ = {
			isa = PBXGroup;
			children = (
				A2FB8AB52FBA180C005916E6 /* ScreenshotSafe.app */,
				A2FB8AC72FBA180C005916E6 /* ScreenshotSafe.app */,
				A2FB8AD32FBA180C005916E6 /* ScreenshotSafe Extension.appex */,
				A2FB8ADD2FBA180C005916E6 /* ScreenshotSafe Extension.appex */,
				C0D0000D2FBA99990000000D /* ScreenshotSafe Share.appex */,
			);
			name = Products;
			sourceTree = "<group>";
		};
		A2FB8AB72FBA180C005916E6 /* iOS (App) */ = {
			isa = PBXGroup;
			children = (
				A2FB8AB82FBA180C005916E6 /* AppDelegate.swift */,
				A2FB8ABA2FBA180C005916E6 /* SceneDelegate.swift */,
				A2FB8ABC2FBA180C005916E6 /* LaunchScreen.storyboard */,
				A2FB8ABF2FBA180C005916E6 /* Main.storyboard */,
				A2FB8AC22FBA180C005916E6 /* Info.plist */,
			);
			path = "iOS (App)";
			sourceTree = "<group>";
		};
		A2FB8AC82FBA180C005916E6 /* macOS (App) */ = {
			isa = PBXGroup;
			children = (
				A2FB8AC92FBA180C005916E6 /* AppDelegate.swift */,
				A2FB8ACB2FBA180C005916E6 /* Main.storyboard */,
				A2FB8ACE2FBA180C005916E6 /* Info.plist */,
				C0D0000B2FBA99990000000B /* ScreenshotSafe.entitlements */,
			);
			path = "macOS (App)";
			sourceTree = "<group>";
		};
		A2FB8AD72FBA180C005916E6 /* iOS (Extension) */ = {
			isa = PBXGroup;
			children = (
				A2FB8AD82FBA180C005916E6 /* Info.plist */,
			);
			path = "iOS (Extension)";
			sourceTree = "<group>";
		};
		A2FB8AE12FBA180C005916E6 /* macOS (Extension) */ = {
			isa = PBXGroup;
			children = (
				A2FB8AE22FBA180C005916E6 /* Info.plist */,
			);
			path = "macOS (Extension)";
			sourceTree = "<group>";
		};
		A2FB8B012FBA180C005916E6 /* Resources */ = {
			isa = PBXGroup;
			children = (
				A2FB8B022FBA180C005916E6 /* popup.js */,
				A2FB8B032FBA180C005916E6 /* webext-api.js */,
				A2FB8B042FBA180C005916E6 /* background.js */,
				A2FB8B052FBA180C005916E6 /* popup.html */,
				A2FB8B062FBA180C005916E6 /* options.js */,
				A2FB8B072FBA180C005916E6 /* editor.html */,
				A2FB8B082FBA180C005916E6 /* editor.js */,
				A2FB8B092FBA180C005916E6 /* icons */,
				A2FB8B0A2FBA180C005916E6 /* manifest.json */,
				A2FB8B0B2FBA180C005916E6 /* options.html */,
			);
			name = Resources;
			path = "Shared (Extension)";
			sourceTree = SOURCE_ROOT;
		};
		C0D000032FBA999900000003 /* Shared (Native) */ = {
			isa = PBXGroup;
			children = (
				C0D000012FBA999900000001 /* ScreenshotSafeSettings.swift */,
				C0D000022FBA999900000002 /* ScreenshotSafeUploadClient.swift */,
			);
			path = "Shared (Native)";
			sourceTree = "<group>";
		};
		C0D0000E2FBA99990000000E /* macOS (Share Extension) */ = {
			isa = PBXGroup;
			children = (
				C0D000082FBA999900000008 /* ShareViewController.swift */,
				C0D0000A2FBA99990000000A /* Info.plist */,
				C0D0000C2FBA99990000000C /* ScreenshotSafeShare.entitlements */,
			);
			path = "macOS (Share Extension)";
			sourceTree = "<group>";
		};
/* End PBXGroup section */

/* Begin PBXNativeTarget section */
		A2FB8AB42FBA180C005916E6 /* ScreenshotSafe (iOS) */ = {
			isa = PBXNativeTarget;
			buildConfigurationList = A2FB8AF72FBA180C005916E6 /* Build configuration list for PBXNativeTarget "ScreenshotSafe (iOS)" */;
			buildPhases = (
				A2FB8AB12FBA180C005916E6 /* Sources */,
				A2FB8AB22FBA180C005916E6 /* Frameworks */,
				A2FB8AB32FBA180C005916E6 /* Resources */,
				A2FB8AF62FBA180C005916E6 /* Embed Foundation Extensions */,
			);
			buildRules = (
			);
			dependencies = (
				A2FB8AD62FBA180C005916E6 /* PBXTargetDependency */,
			);
			name = "ScreenshotSafe (iOS)";
			packageProductDependencies = (
			);
			productName = "ScreenshotSafe (iOS)";
			productReference = A2FB8AB52FBA180C005916E6 /* ScreenshotSafe.app */;
			productType = "com.apple.product-type.application";
		};
		A2FB8AC62FBA180C005916E6 /* ScreenshotSafe (macOS) */ = {
			isa = PBXNativeTarget;
			buildConfigurationList = A2FB8AFE2FBA180C005916E6 /* Build configuration list for PBXNativeTarget "ScreenshotSafe (macOS)" */;
			buildPhases = (
				A2FB8AC32FBA180C005916E6 /* Sources */,
				A2FB8AC42FBA180C005916E6 /* Frameworks */,
				A2FB8AC52FBA180C005916E6 /* Resources */,
				A2FB8AFD2FBA180C005916E6 /* Embed Foundation Extensions */,
			);
			buildRules = (
			);
			dependencies = (
				A2FB8AE02FBA180C005916E6 /* PBXTargetDependency */,
				C0D000182FBA999900000018 /* PBXTargetDependency */,
			);
			name = "ScreenshotSafe (macOS)";
			packageProductDependencies = (
			);
			productName = "ScreenshotSafe (macOS)";
			productReference = A2FB8AC72FBA180C005916E6 /* ScreenshotSafe.app */;
			productType = "com.apple.product-type.application";
		};
		A2FB8AD22FBA180C005916E6 /* ScreenshotSafe Extension (iOS) */ = {
			isa = PBXNativeTarget;
			buildConfigurationList = A2FB8AF32FBA180C005916E6 /* Build configuration list for PBXNativeTarget "ScreenshotSafe Extension (iOS)" */;
			buildPhases = (
				A2FB8ACF2FBA180C005916E6 /* Sources */,
				A2FB8AD02FBA180C005916E6 /* Frameworks */,
				A2FB8AD12FBA180C005916E6 /* Resources */,
			);
			buildRules = (
			);
			dependencies = (
			);
			name = "ScreenshotSafe Extension (iOS)";
			packageProductDependencies = (
			);
			productName = "ScreenshotSafe Extension (iOS)";
			productReference = A2FB8AD32FBA180C005916E6 /* ScreenshotSafe Extension.appex */;
			productType = "com.apple.product-type.app-extension";
		};
		A2FB8ADC2FBA180C005916E6 /* ScreenshotSafe Extension (macOS) */ = {
			isa = PBXNativeTarget;
			buildConfigurationList = A2FB8AFA2FBA180C005916E6 /* Build configuration list for PBXNativeTarget "ScreenshotSafe Extension (macOS)" */;
			buildPhases = (
				A2FB8AD92FBA180C005916E6 /* Sources */,
				A2FB8ADA2FBA180C005916E6 /* Frameworks */,
				A2FB8ADB2FBA180C005916E6 /* Resources */,
			);
			buildRules = (
			);
			dependencies = (
			);
			name = "ScreenshotSafe Extension (macOS)";
			packageProductDependencies = (
			);
			productName = "ScreenshotSafe Extension (macOS)";
			productReference = A2FB8ADD2FBA180C005916E6 /* ScreenshotSafe Extension.appex */;
			productType = "com.apple.product-type.app-extension";
		};
		C0D000152FBA999900000015 /* ScreenshotSafe Share Extension (macOS) */ = {
			isa = PBXNativeTarget;
			buildConfigurationList = C0D000172FBA999900000017 /* Build configuration list for PBXNativeTarget "ScreenshotSafe Share Extension (macOS)" */;
			buildPhases = (
				C0D000132FBA999900000013 /* Sources */,
				C0D000122FBA999900000012 /* Frameworks */,
				C0D000142FBA999900000014 /* Resources */,
			);
			buildRules = (
			);
			dependencies = (
			);
			name = "ScreenshotSafe Share Extension (macOS)";
			packageProductDependencies = (
			);
			productName = "ScreenshotSafe Share";
			productReference = C0D0000D2FBA99990000000D /* ScreenshotSafe Share.appex */;
			productType = "com.apple.product-type.app-extension";
		};
/* End PBXNativeTarget section */

/* Begin PBXProject section */
		A2FB8AA22FBA180B005916E6 /* Project object */ = {
			isa = PBXProject;
			attributes = {
				BuildIndependentTargetsInParallel = 1;
				LastSwiftUpdateCheck = 2650;
				LastUpgradeCheck = 2650;
				TargetAttributes = {
					A2FB8AB42FBA180C005916E6 = {
						CreatedOnToolsVersion = 26.5;
					};
					A2FB8AC62FBA180C005916E6 = {
						CreatedOnToolsVersion = 26.5;
					};
					A2FB8AD22FBA180C005916E6 = {
						CreatedOnToolsVersion = 26.5;
					};
					A2FB8ADC2FBA180C005916E6 = {
						CreatedOnToolsVersion = 26.5;
					};
					C0D000152FBA999900000015 = {
						CreatedOnToolsVersion = 26.5;
					};
				};
			};
			buildConfigurationList = A2FB8AA52FBA180B005916E6 /* Build configuration list for PBXProject "ScreenshotSafe" */;
			developmentRegion = en;
			hasScannedForEncodings = 0;
			knownRegions = (
				en,
				Base,
			);
			mainGroup = A2FB8AA12FBA180B005916E6;
			minimizedProjectReferenceProxies = 1;
			preferredProjectObjectVersion = 77;
			productRefGroup = A2FB8AB62FBA180C005916E6 /* Products */;
			projectDirPath = "";
			projectRoot = "";
			targets = (
				A2FB8AB42FBA180C005916E6 /* ScreenshotSafe (iOS) */,
				A2FB8AC62FBA180C005916E6 /* ScreenshotSafe (macOS) */,
				A2FB8AD22FBA180C005916E6 /* ScreenshotSafe Extension (iOS) */,
				A2FB8ADC2FBA180C005916E6 /* ScreenshotSafe Extension (macOS) */,
				C0D000152FBA999900000015 /* ScreenshotSafe Share Extension (macOS) */,
			);
		};
/* End PBXProject section */

/* Begin PBXResourcesBuildPhase section */
		A2FB8AB32FBA180C005916E6 /* Resources */ = {
			isa = PBXResourcesBuildPhase;
			buildActionMask = 2147483647;
			files = (
				A2FB8AE52FBA180C005916E6 /* Icon.png in Resources */,
				A2FB8ABE2FBA180C005916E6 /* LaunchScreen.storyboard in Resources */,
				A2FB8AE32FBA180C005916E6 /* Main.html in Resources */,
				A2FB8AE92FBA180C005916E6 /* Script.js in Resources */,
				A2FB8AED2FBA180C005916E6 /* Assets.xcassets in Resources */,
				A2FB8AC12FBA180C005916E6 /* Main.storyboard in Resources */,
				A2FB8AE72FBA180C005916E6 /* Style.css in Resources */,
			);
			runOnlyForDeploymentPostprocessing = 0;
		};
		A2FB8AC52FBA180C005916E6 /* Resources */ = {
			isa = PBXResourcesBuildPhase;
			buildActionMask = 2147483647;
			files = (
				A2FB8AE62FBA180C005916E6 /* Icon.png in Resources */,
				A2FB8AE82FBA180C005916E6 /* Style.css in Resources */,
				A2FB8ACD2FBA180C005916E6 /* Main.storyboard in Resources */,
				A2FB8AEA2FBA180C005916E6 /* Script.js in Resources */,
				A2FB8AEE2FBA180C005916E6 /* Assets.xcassets in Resources */,
				A2FB8AE42FBA180C005916E6 /* Main.html in Resources */,
			);
			runOnlyForDeploymentPostprocessing = 0;
		};
		A2FB8AD12FBA180C005916E6 /* Resources */ = {
			isa = PBXResourcesBuildPhase;
			buildActionMask = 2147483647;
			files = (
				A2FB8B172FBA180C005916E6 /* webext-api.js in Resources */,
				A2FB8B1D2FBA180C005916E6 /* icons in Resources */,
				A2FB8B1B2FBA180C005916E6 /* editor.html in Resources */,
				A2FB8B192FBA180C005916E6 /* popup.html in Resources */,
				A2FB8B1E2FBA180C005916E6 /* manifest.json in Resources */,
				A2FB8B182FBA180C005916E6 /* background.js in Resources */,
				A2FB8B1C2FBA180C005916E6 /* editor.js in Resources */,
				A2FB8B1F2FBA180C005916E6 /* options.html in Resources */,
				A2FB8B162FBA180C005916E6 /* popup.js in Resources */,
				A2FB8B1A2FBA180C005916E6 /* options.js in Resources */,
			);
			runOnlyForDeploymentPostprocessing = 0;
		};
		A2FB8ADB2FBA180C005916E6 /* Resources */ = {
			isa = PBXResourcesBuildPhase;
			buildActionMask = 2147483647;
			files = (
				A2FB8B0D2FBA180C005916E6 /* webext-api.js in Resources */,
				A2FB8B132FBA180C005916E6 /* icons in Resources */,
				A2FB8B112FBA180C005916E6 /* editor.html in Resources */,
				A2FB8B0F2FBA180C005916E6 /* popup.html in Resources */,
				A2FB8B142FBA180C005916E6 /* manifest.json in Resources */,
				A2FB8B0E2FBA180C005916E6 /* background.js in Resources */,
				A2FB8B122FBA180C005916E6 /* editor.js in Resources */,
				A2FB8B152FBA180C005916E6 /* options.html in Resources */,
				A2FB8B0C2FBA180C005916E6 /* popup.js in Resources */,
				A2FB8B102FBA180C005916E6 /* options.js in Resources */,
			);
			runOnlyForDeploymentPostprocessing = 0;
		};
		C0D000142FBA999900000014 /* Resources */ = {
			isa = PBXResourcesBuildPhase;
			buildActionMask = 2147483647;
			files = (
			);
			runOnlyForDeploymentPostprocessing = 0;
		};
/* End PBXResourcesBuildPhase section */

/* Begin PBXSourcesBuildPhase section */
		A2FB8AB12FBA180C005916E6 /* Sources */ = {
			isa = PBXSourcesBuildPhase;
			buildActionMask = 2147483647;
			files = (
				A2FB8AEB2FBA180C005916E6 /* ViewController.swift in Sources */,
				C0D0001A2FBA99990000001A /* ScreenshotSafeSettings.swift in Sources */,
				C0D0001B2FBA99990000001B /* ScreenshotSafeUploadClient.swift in Sources */,
				A2FB8AB92FBA180C005916E6 /* AppDelegate.swift in Sources */,
				A2FB8ABB2FBA180C005916E6 /* SceneDelegate.swift in Sources */,
			);
			runOnlyForDeploymentPostprocessing = 0;
		};
		A2FB8AC32FBA180C005916E6 /* Sources */ = {
			isa = PBXSourcesBuildPhase;
			buildActionMask = 2147483647;
			files = (
				A2FB8AEC2FBA180C005916E6 /* ViewController.swift in Sources */,
				C0D000042FBA999900000004 /* ScreenshotSafeSettings.swift in Sources */,
				C0D000052FBA999900000005 /* ScreenshotSafeUploadClient.swift in Sources */,
				A2FB8ACA2FBA180C005916E6 /* AppDelegate.swift in Sources */,
			);
			runOnlyForDeploymentPostprocessing = 0;
		};
		A2FB8ACF2FBA180C005916E6 /* Sources */ = {
			isa = PBXSourcesBuildPhase;
			buildActionMask = 2147483647;
			files = (
				A2FB8AEF2FBA180C005916E6 /* SafariWebExtensionHandler.swift in Sources */,
			);
			runOnlyForDeploymentPostprocessing = 0;
		};
		A2FB8AD92FBA180C005916E6 /* Sources */ = {
			isa = PBXSourcesBuildPhase;
			buildActionMask = 2147483647;
			files = (
				A2FB8AF02FBA180C005916E6 /* SafariWebExtensionHandler.swift in Sources */,
			);
			runOnlyForDeploymentPostprocessing = 0;
		};
		C0D000132FBA999900000013 /* Sources */ = {
			isa = PBXSourcesBuildPhase;
			buildActionMask = 2147483647;
			files = (
				C0D000092FBA999900000009 /* ShareViewController.swift in Sources */,
				C0D000062FBA999900000006 /* ScreenshotSafeSettings.swift in Sources */,
				C0D000072FBA999900000007 /* ScreenshotSafeUploadClient.swift in Sources */,
			);
			runOnlyForDeploymentPostprocessing = 0;
		};
/* End PBXSourcesBuildPhase section */

/* Begin PBXTargetDependency section */
		A2FB8AD62FBA180C005916E6 /* PBXTargetDependency */ = {
			isa = PBXTargetDependency;
			target = A2FB8AD22FBA180C005916E6 /* ScreenshotSafe Extension (iOS) */;
			targetProxy = A2FB8AD52FBA180C005916E6 /* PBXContainerItemProxy */;
		};
		A2FB8AE02FBA180C005916E6 /* PBXTargetDependency */ = {
			isa = PBXTargetDependency;
			target = A2FB8ADC2FBA180C005916E6 /* ScreenshotSafe Extension (macOS) */;
			targetProxy = A2FB8ADF2FBA180C005916E6 /* PBXContainerItemProxy */;
		};
		C0D000182FBA999900000018 /* PBXTargetDependency */ = {
			isa = PBXTargetDependency;
			target = C0D000152FBA999900000015 /* ScreenshotSafe Share Extension (macOS) */;
			targetProxy = C0D000112FBA999900000011 /* PBXContainerItemProxy */;
		};
/* End PBXTargetDependency section */

/* Begin PBXVariantGroup section */
		A2FB8AA82FBA180B005916E6 /* Main.html */ = {
			isa = PBXVariantGroup;
			children = (
				A2FB8AA92FBA180B005916E6 /* Base */,
			);
			name = Main.html;
			sourceTree = "<group>";
		};
		A2FB8ABC2FBA180C005916E6 /* LaunchScreen.storyboard */ = {
			isa = PBXVariantGroup;
			children = (
				A2FB8ABD2FBA180C005916E6 /* Base */,
			);
			name = LaunchScreen.storyboard;
			sourceTree = "<group>";
		};
		A2FB8ABF2FBA180C005916E6 /* Main.storyboard */ = {
			isa = PBXVariantGroup;
			children = (
				A2FB8AC02FBA180C005916E6 /* Base */,
			);
			name = Main.storyboard;
			sourceTree = "<group>";
		};
		A2FB8ACB2FBA180C005916E6 /* Main.storyboard */ = {
			isa = PBXVariantGroup;
			children = (
				A2FB8ACC2FBA180C005916E6 /* Base */,
			);
			name = Main.storyboard;
			sourceTree = "<group>";
		};
/* End PBXVariantGroup section */

/* Begin XCBuildConfiguration section */
		A2FB8AF12FBA180C005916E6 /* Debug */ = {
			isa = XCBuildConfiguration;
			buildSettings = {
				ALWAYS_SEARCH_USER_PATHS = NO;
				ASSETCATALOG_COMPILER_GENERATE_SWIFT_ASSET_SYMBOL_EXTENSIONS = YES;
				CLANG_ANALYZER_NONNULL = YES;
				CLANG_ANALYZER_NUMBER_OBJECT_CONVERSION = YES_AGGRESSIVE;
				CLANG_CXX_LANGUAGE_STANDARD = "gnu++20";
				CLANG_ENABLE_MODULES = YES;
				CLANG_ENABLE_OBJC_ARC = YES;
				CLANG_ENABLE_OBJC_WEAK = YES;
				CLANG_WARN_BLOCK_CAPTURE_AUTORELEASING = YES;
				CLANG_WARN_BOOL_CONVERSION = YES;
				CLANG_WARN_COMMA = YES;
				CLANG_WARN_CONSTANT_CONVERSION = YES;
				CLANG_WARN_DEPRECATED_OBJC_IMPLEMENTATIONS = YES;
				CLANG_WARN_DIRECT_OBJC_ISA_USAGE = YES_ERROR;
				CLANG_WARN_DOCUMENTATION_COMMENTS = YES;
				CLANG_WARN_EMPTY_BODY = YES;
				CLANG_WARN_ENUM_CONVERSION = YES;
				CLANG_WARN_INFINITE_RECURSION = YES;
				CLANG_WARN_INT_CONVERSION = YES;
				CLANG_WARN_NON_LITERAL_NULL_CONVERSION = YES;
				CLANG_WARN_OBJC_IMPLICIT_RETAIN_SELF = YES;
				CLANG_WARN_OBJC_LITERAL_CONVERSION = YES;
				CLANG_WARN_OBJC_ROOT_CLASS = YES_ERROR;
				CLANG_WARN_QUOTED_INCLUDE_IN_FRAMEWORK_HEADER = YES;
				CLANG_WARN_RANGE_LOOP_ANALYSIS = YES;
				CLANG_WARN_STRICT_PROTOTYPES = YES;
				CLANG_WARN_SUSPICIOUS_MOVE = YES;
				CLANG_WARN_UNGUARDED_AVAILABILITY = YES_AGGRESSIVE;
				CLANG_WARN_UNREACHABLE_CODE = YES;
				CLANG_WARN__DUPLICATE_METHOD_MATCH = YES;
				COPY_PHASE_STRIP = NO;
				DEBUG_INFORMATION_FORMAT = dwarf;
				ENABLE_STRICT_OBJC_MSGSEND = YES;
				ENABLE_TESTABILITY = YES;
				ENABLE_USER_SCRIPT_SANDBOXING = YES;
				GCC_C_LANGUAGE_STANDARD = gnu17;
				GCC_DYNAMIC_NO_PIC = NO;
				GCC_NO_COMMON_BLOCKS = YES;
				GCC_OPTIMIZATION_LEVEL = 0;
				GCC_PREPROCESSOR_DEFINITIONS = (
					"DEBUG=1",
					"$(inherited)",
				);
				GCC_WARN_64_TO_32_BIT_CONVERSION = YES;
				GCC_WARN_ABOUT_RETURN_TYPE = YES_ERROR;
				GCC_WARN_UNDECLARED_SELECTOR = YES;
				GCC_WARN_UNINITIALIZED_AUTOS = YES_AGGRESSIVE;
				GCC_WARN_UNUSED_FUNCTION = YES;
				GCC_WARN_UNUSED_VARIABLE = YES;
				LOCALIZATION_PREFERS_STRING_CATALOGS = YES;
				MTL_ENABLE_DEBUG_INFO = INCLUDE_SOURCE;
				MTL_FAST_MATH = YES;
				ONLY_ACTIVE_ARCH = YES;
				SWIFT_ACTIVE_COMPILATION_CONDITIONS = "DEBUG $(inherited)";
				SWIFT_OPTIMIZATION_LEVEL = "-Onone";
			};
			name = Debug;
		};
		A2FB8AF22FBA180C005916E6 /* Release */ = {
			isa = XCBuildConfiguration;
			buildSettings = {
				ALWAYS_SEARCH_USER_PATHS = NO;
				ASSETCATALOG_COMPILER_GENERATE_SWIFT_ASSET_SYMBOL_EXTENSIONS = YES;
				CLANG_ANALYZER_NONNULL = YES;
				CLANG_ANALYZER_NUMBER_OBJECT_CONVERSION = YES_AGGRESSIVE;
				CLANG_CXX_LANGUAGE_STANDARD = "gnu++20";
				CLANG_ENABLE_MODULES = YES;
				CLANG_ENABLE_OBJC_ARC = YES;
				CLANG_ENABLE_OBJC_WEAK = YES;
				CLANG_WARN_BLOCK_CAPTURE_AUTORELEASING = YES;
				CLANG_WARN_BOOL_CONVERSION = YES;
				CLANG_WARN_COMMA = YES;
				CLANG_WARN_CONSTANT_CONVERSION = YES;
				CLANG_WARN_DEPRECATED_OBJC_IMPLEMENTATIONS = YES;
				CLANG_WARN_DIRECT_OBJC_ISA_USAGE = YES_ERROR;
				CLANG_WARN_DOCUMENTATION_COMMENTS = YES;
				CLANG_WARN_EMPTY_BODY = YES;
				CLANG_WARN_ENUM_CONVERSION = YES;
				CLANG_WARN_INFINITE_RECURSION = YES;
				CLANG_WARN_INT_CONVERSION = YES;
				CLANG_WARN_NON_LITERAL_NULL_CONVERSION = YES;
				CLANG_WARN_OBJC_IMPLICIT_RETAIN_SELF = YES;
				CLANG_WARN_OBJC_LITERAL_CONVERSION = YES;
				CLANG_WARN_OBJC_ROOT_CLASS = YES_ERROR;
				CLANG_WARN_QUOTED_INCLUDE_IN_FRAMEWORK_HEADER = YES;
				CLANG_WARN_RANGE_LOOP_ANALYSIS = YES;
				CLANG_WARN_STRICT_PROTOTYPES = YES;
				CLANG_WARN_SUSPICIOUS_MOVE = YES;
				CLANG_WARN_UNGUARDED_AVAILABILITY = YES_AGGRESSIVE;
				CLANG_WARN_UNREACHABLE_CODE = YES;
				CLANG_WARN__DUPLICATE_METHOD_MATCH = YES;
				COPY_PHASE_STRIP = NO;
				DEBUG_INFORMATION_FORMAT = "dwarf-with-dsym";
				ENABLE_NS_ASSERTIONS = NO;
				ENABLE_STRICT_OBJC_MSGSEND = YES;
				ENABLE_USER_SCRIPT_SANDBOXING = YES;
				GCC_C_LANGUAGE_STANDARD = gnu17;
				GCC_NO_COMMON_BLOCKS = YES;
				GCC_WARN_64_TO_32_BIT_CONVERSION = YES;
				GCC_WARN_ABOUT_RETURN_TYPE = YES_ERROR;
				GCC_WARN_UNDECLARED_SELECTOR = YES;
				GCC_WARN_UNINITIALIZED_AUTOS = YES_AGGRESSIVE;
				GCC_WARN_UNUSED_FUNCTION = YES;
				GCC_WARN_UNUSED_VARIABLE = YES;
				LOCALIZATION_PREFERS_STRING_CATALOGS = YES;
				MTL_ENABLE_DEBUG_INFO = NO;
				MTL_FAST_MATH = YES;
				SWIFT_COMPILATION_MODE = wholemodule;
			};
			name = Release;
		};
		A2FB8AF42FBA180C005916E6 /* Debug */ = {
			isa = XCBuildConfiguration;
			buildSettings = {
				CODE_SIGN_STYLE = Automatic;
				CURRENT_PROJECT_VERSION = 1;
				DEVELOPMENT_TEAM = V97W676S4N;
				GENERATE_INFOPLIST_FILE = YES;
				INFOPLIST_FILE = "iOS (Extension)/Info.plist";
				INFOPLIST_KEY_CFBundleDisplayName = "ScreenshotSafe Extension";
				INFOPLIST_KEY_NSHumanReadableCopyright = "";
				IPHONEOS_DEPLOYMENT_TARGET = 15.0;
				LD_RUNPATH_SEARCH_PATHS = (
					"$(inherited)",
					"@executable_path/Frameworks",
					"@executable_path/../../Frameworks",
				);
				MARKETING_VERSION = 1.0;
				OTHER_LDFLAGS = (
					"-framework",
					SafariServices,
				);
				PRODUCT_BUNDLE_IDENTIFIER = com.screenshotsafe.safari.Extension;
				PRODUCT_NAME = "ScreenshotSafe Extension";
				SDKROOT = iphoneos;
				SKIP_INSTALL = YES;
				STRING_CATALOG_GENERATE_SYMBOLS = YES;
				SWIFT_APPROACHABLE_CONCURRENCY = YES;
				SWIFT_EMIT_LOC_STRINGS = YES;
				SWIFT_UPCOMING_FEATURE_MEMBER_IMPORT_VISIBILITY = YES;
				SWIFT_VERSION = 5.0;
				TARGETED_DEVICE_FAMILY = "1,2";
			};
			name = Debug;
		};
		A2FB8AF52FBA180C005916E6 /* Release */ = {
			isa = XCBuildConfiguration;
			buildSettings = {
				CODE_SIGN_STYLE = Automatic;
				CURRENT_PROJECT_VERSION = 1;
				DEVELOPMENT_TEAM = V97W676S4N;
				GENERATE_INFOPLIST_FILE = YES;
				INFOPLIST_FILE = "iOS (Extension)/Info.plist";
				INFOPLIST_KEY_CFBundleDisplayName = "ScreenshotSafe Extension";
				INFOPLIST_KEY_NSHumanReadableCopyright = "";
				IPHONEOS_DEPLOYMENT_TARGET = 15.0;
				LD_RUNPATH_SEARCH_PATHS = (
					"$(inherited)",
					"@executable_path/Frameworks",
					"@executable_path/../../Frameworks",
				);
				MARKETING_VERSION = 1.0;
				OTHER_LDFLAGS = (
					"-framework",
					SafariServices,
				);
				PRODUCT_BUNDLE_IDENTIFIER = com.screenshotsafe.safari.Extension;
				PRODUCT_NAME = "ScreenshotSafe Extension";
				SDKROOT = iphoneos;
				SKIP_INSTALL = YES;
				STRING_CATALOG_GENERATE_SYMBOLS = YES;
				SWIFT_APPROACHABLE_CONCURRENCY = YES;
				SWIFT_EMIT_LOC_STRINGS = YES;
				SWIFT_UPCOMING_FEATURE_MEMBER_IMPORT_VISIBILITY = YES;
				SWIFT_VERSION = 5.0;
				TARGETED_DEVICE_FAMILY = "1,2";
				VALIDATE_PRODUCT = YES;
			};
			name = Release;
		};
		A2FB8AF82FBA180C005916E6 /* Debug */ = {
			isa = XCBuildConfiguration;
			buildSettings = {
				ASSETCATALOG_COMPILER_APPICON_NAME = AppIcon;
				ASSETCATALOG_COMPILER_GLOBAL_ACCENT_COLOR_NAME = AccentColor;
				CODE_SIGN_STYLE = Automatic;
				CURRENT_PROJECT_VERSION = 1;
				DEVELOPMENT_TEAM = V97W676S4N;
				GENERATE_INFOPLIST_FILE = YES;
				INFOPLIST_FILE = "iOS (App)/Info.plist";
				INFOPLIST_KEY_CFBundleDisplayName = ScreenshotSafe;
				INFOPLIST_KEY_UIApplicationSupportsIndirectInputEvents = YES;
				INFOPLIST_KEY_UILaunchStoryboardName = LaunchScreen;
				INFOPLIST_KEY_UIMainStoryboardFile = Main;
				INFOPLIST_KEY_UISupportedInterfaceOrientations = "UIInterfaceOrientationPortrait UIInterfaceOrientationLandscapeLeft UIInterfaceOrientationLandscapeRight";
				INFOPLIST_KEY_UISupportedInterfaceOrientations_iPad = "UIInterfaceOrientationPortrait UIInterfaceOrientationPortraitUpsideDown UIInterfaceOrientationLandscapeLeft UIInterfaceOrientationLandscapeRight";
				IPHONEOS_DEPLOYMENT_TARGET = 15.0;
				LD_RUNPATH_SEARCH_PATHS = (
					"$(inherited)",
					"@executable_path/Frameworks",
				);
				MARKETING_VERSION = 1.0;
				OTHER_LDFLAGS = (
					"-framework",
					SafariServices,
					"-framework",
					WebKit,
				);
				PRODUCT_BUNDLE_IDENTIFIER = com.screenshotsafe.safari;
				PRODUCT_NAME = ScreenshotSafe;
				SDKROOT = iphoneos;
				STRING_CATALOG_GENERATE_SYMBOLS = YES;
				SWIFT_APPROACHABLE_CONCURRENCY = YES;
				SWIFT_DEFAULT_ACTOR_ISOLATION = MainActor;
				SWIFT_EMIT_LOC_STRINGS = YES;
				SWIFT_UPCOMING_FEATURE_MEMBER_IMPORT_VISIBILITY = YES;
				SWIFT_VERSION = 5.0;
				TARGETED_DEVICE_FAMILY = "1,2";
			};
			name = Debug;
		};
		A2FB8AF92FBA180C005916E6 /* Release */ = {
			isa = XCBuildConfiguration;
			buildSettings = {
				ASSETCATALOG_COMPILER_APPICON_NAME = AppIcon;
				ASSETCATALOG_COMPILER_GLOBAL_ACCENT_COLOR_NAME = AccentColor;
				CODE_SIGN_STYLE = Automatic;
				CURRENT_PROJECT_VERSION = 1;
				DEVELOPMENT_TEAM = V97W676S4N;
				GENERATE_INFOPLIST_FILE = YES;
				INFOPLIST_FILE = "iOS (App)/Info.plist";
				INFOPLIST_KEY_CFBundleDisplayName = ScreenshotSafe;
				INFOPLIST_KEY_UIApplicationSupportsIndirectInputEvents = YES;
				INFOPLIST_KEY_UILaunchStoryboardName = LaunchScreen;
				INFOPLIST_KEY_UIMainStoryboardFile = Main;
				INFOPLIST_KEY_UISupportedInterfaceOrientations = "UIInterfaceOrientationPortrait UIInterfaceOrientationLandscapeLeft UIInterfaceOrientationLandscapeRight";
				INFOPLIST_KEY_UISupportedInterfaceOrientations_iPad = "UIInterfaceOrientationPortrait UIInterfaceOrientationPortraitUpsideDown UIInterfaceOrientationLandscapeLeft UIInterfaceOrientationLandscapeRight";
				IPHONEOS_DEPLOYMENT_TARGET = 15.0;
				LD_RUNPATH_SEARCH_PATHS = (
					"$(inherited)",
					"@executable_path/Frameworks",
				);
				MARKETING_VERSION = 1.0;
				OTHER_LDFLAGS = (
					"-framework",
					SafariServices,
					"-framework",
					WebKit,
				);
				PRODUCT_BUNDLE_IDENTIFIER = com.screenshotsafe.safari;
				PRODUCT_NAME = ScreenshotSafe;
				SDKROOT = iphoneos;
				STRING_CATALOG_GENERATE_SYMBOLS = YES;
				SWIFT_APPROACHABLE_CONCURRENCY = YES;
				SWIFT_DEFAULT_ACTOR_ISOLATION = MainActor;
				SWIFT_EMIT_LOC_STRINGS = YES;
				SWIFT_UPCOMING_FEATURE_MEMBER_IMPORT_VISIBILITY = YES;
				SWIFT_VERSION = 5.0;
				TARGETED_DEVICE_FAMILY = "1,2";
				VALIDATE_PRODUCT = YES;
			};
			name = Release;
		};
		A2FB8AFB2FBA180C005916E6 /* Debug */ = {
			isa = XCBuildConfiguration;
			buildSettings = {
				CODE_SIGN_IDENTITY = "Apple Development";
				"CODE_SIGN_IDENTITY[sdk=macosx*]" = "Apple Development";
				CODE_SIGN_STYLE = Automatic;
				CURRENT_PROJECT_VERSION = 1;
				DEVELOPMENT_TEAM = V97W676S4N;
				ENABLE_APP_SANDBOX = YES;
				ENABLE_HARDENED_RUNTIME = YES;
				ENABLE_USER_SELECTED_FILES = readonly;
				GENERATE_INFOPLIST_FILE = YES;
				INFOPLIST_FILE = "macOS (Extension)/Info.plist";
				INFOPLIST_KEY_CFBundleDisplayName = "ScreenshotSafe Extension";
				INFOPLIST_KEY_NSHumanReadableCopyright = "";
				LD_RUNPATH_SEARCH_PATHS = (
					"$(inherited)",
					"@executable_path/../Frameworks",
					"@executable_path/../../../../Frameworks",
				);
				MACOSX_DEPLOYMENT_TARGET = 10.14;
				MARKETING_VERSION = 1.0;
				OTHER_LDFLAGS = (
					"-framework",
					SafariServices,
				);
				PRODUCT_BUNDLE_IDENTIFIER = com.screenshotsafe.safari.Extension;
				PRODUCT_NAME = "ScreenshotSafe Extension";
				PROVISIONING_PROFILE_SPECIFIER = "";
				SDKROOT = macosx;
				SKIP_INSTALL = YES;
				STRING_CATALOG_GENERATE_SYMBOLS = YES;
				SWIFT_APPROACHABLE_CONCURRENCY = YES;
				SWIFT_EMIT_LOC_STRINGS = YES;
				SWIFT_UPCOMING_FEATURE_MEMBER_IMPORT_VISIBILITY = YES;
				SWIFT_VERSION = 5.0;
			};
			name = Debug;
		};
		A2FB8AFC2FBA180C005916E6 /* Release */ = {
			isa = XCBuildConfiguration;
			buildSettings = {
				CODE_SIGN_IDENTITY = "Apple Development";
				"CODE_SIGN_IDENTITY[sdk=macosx*]" = "Apple Development";
				CODE_SIGN_STYLE = Automatic;
				CURRENT_PROJECT_VERSION = 1;
				DEVELOPMENT_TEAM = V97W676S4N;
				ENABLE_APP_SANDBOX = YES;
				ENABLE_HARDENED_RUNTIME = YES;
				ENABLE_USER_SELECTED_FILES = readonly;
				GENERATE_INFOPLIST_FILE = YES;
				INFOPLIST_FILE = "macOS (Extension)/Info.plist";
				INFOPLIST_KEY_CFBundleDisplayName = "ScreenshotSafe Extension";
				INFOPLIST_KEY_NSHumanReadableCopyright = "";
				LD_RUNPATH_SEARCH_PATHS = (
					"$(inherited)",
					"@executable_path/../Frameworks",
					"@executable_path/../../../../Frameworks",
				);
				MACOSX_DEPLOYMENT_TARGET = 10.14;
				MARKETING_VERSION = 1.0;
				OTHER_LDFLAGS = (
					"-framework",
					SafariServices,
				);
				PRODUCT_BUNDLE_IDENTIFIER = com.screenshotsafe.safari.Extension;
				PRODUCT_NAME = "ScreenshotSafe Extension";
				PROVISIONING_PROFILE_SPECIFIER = "";
				SDKROOT = macosx;
				SKIP_INSTALL = YES;
				STRING_CATALOG_GENERATE_SYMBOLS = YES;
				SWIFT_APPROACHABLE_CONCURRENCY = YES;
				SWIFT_EMIT_LOC_STRINGS = YES;
				SWIFT_UPCOMING_FEATURE_MEMBER_IMPORT_VISIBILITY = YES;
				SWIFT_VERSION = 5.0;
			};
			name = Release;
		};
		A2FB8AFF2FBA180C005916E6 /* Debug */ = {
			isa = XCBuildConfiguration;
			buildSettings = {
				ASSETCATALOG_COMPILER_APPICON_NAME = AppIcon;
				ASSETCATALOG_COMPILER_GLOBAL_ACCENT_COLOR_NAME = AccentColor;
				CODE_SIGN_ENTITLEMENTS = "macOS (App)/ScreenshotSafe.entitlements";
				CODE_SIGN_IDENTITY = "Apple Development";
				CODE_SIGN_STYLE = Automatic;
				CURRENT_PROJECT_VERSION = 1;
				DEVELOPMENT_TEAM = V97W676S4N;
				ENABLE_APP_SANDBOX = YES;
				ENABLE_HARDENED_RUNTIME = YES;
				ENABLE_OUTGOING_NETWORK_CONNECTIONS = YES;
				ENABLE_USER_SELECTED_FILES = readonly;
				GENERATE_INFOPLIST_FILE = YES;
				INFOPLIST_FILE = "macOS (App)/Info.plist";
				INFOPLIST_KEY_CFBundleDisplayName = ScreenshotSafe;
				INFOPLIST_KEY_NSMainStoryboardFile = Main;
				INFOPLIST_KEY_NSPrincipalClass = NSApplication;
				LD_RUNPATH_SEARCH_PATHS = (
					"$(inherited)",
					"@executable_path/../Frameworks",
				);
				MACOSX_DEPLOYMENT_TARGET = 10.14;
				MARKETING_VERSION = 1.0;
				OTHER_LDFLAGS = (
					"-framework",
					SafariServices,
					"-framework",
					WebKit,
				);
				PRODUCT_BUNDLE_IDENTIFIER = com.screenshotsafe.safari;
				PRODUCT_NAME = ScreenshotSafe;
				PROVISIONING_PROFILE_SPECIFIER = "";
				REGISTER_APP_GROUPS = YES;
				SDKROOT = macosx;
				STRING_CATALOG_GENERATE_SYMBOLS = YES;
				SWIFT_APPROACHABLE_CONCURRENCY = YES;
				SWIFT_DEFAULT_ACTOR_ISOLATION = MainActor;
				SWIFT_EMIT_LOC_STRINGS = YES;
				SWIFT_UPCOMING_FEATURE_MEMBER_IMPORT_VISIBILITY = YES;
				SWIFT_VERSION = 5.0;
			};
			name = Debug;
		};
		A2FB8B002FBA180C005916E6 /* Release */ = {
			isa = XCBuildConfiguration;
			buildSettings = {
				ASSETCATALOG_COMPILER_APPICON_NAME = AppIcon;
				ASSETCATALOG_COMPILER_GLOBAL_ACCENT_COLOR_NAME = AccentColor;
				CODE_SIGN_ENTITLEMENTS = "macOS (App)/ScreenshotSafe.entitlements";
				CODE_SIGN_IDENTITY = "Apple Development";
				CODE_SIGN_STYLE = Automatic;
				CURRENT_PROJECT_VERSION = 1;
				DEVELOPMENT_TEAM = V97W676S4N;
				ENABLE_APP_SANDBOX = YES;
				ENABLE_HARDENED_RUNTIME = YES;
				ENABLE_OUTGOING_NETWORK_CONNECTIONS = YES;
				ENABLE_USER_SELECTED_FILES = readonly;
				GENERATE_INFOPLIST_FILE = YES;
				INFOPLIST_FILE = "macOS (App)/Info.plist";
				INFOPLIST_KEY_CFBundleDisplayName = ScreenshotSafe;
				INFOPLIST_KEY_NSMainStoryboardFile = Main;
				INFOPLIST_KEY_NSPrincipalClass = NSApplication;
				LD_RUNPATH_SEARCH_PATHS = (
					"$(inherited)",
					"@executable_path/../Frameworks",
				);
				MACOSX_DEPLOYMENT_TARGET = 10.14;
				MARKETING_VERSION = 1.0;
				OTHER_LDFLAGS = (
					"-framework",
					SafariServices,
					"-framework",
					WebKit,
				);
				PRODUCT_BUNDLE_IDENTIFIER = com.screenshotsafe.safari;
				PRODUCT_NAME = ScreenshotSafe;
				PROVISIONING_PROFILE_SPECIFIER = "";
				REGISTER_APP_GROUPS = YES;
				SDKROOT = macosx;
				STRING_CATALOG_GENERATE_SYMBOLS = YES;
				SWIFT_APPROACHABLE_CONCURRENCY = YES;
				SWIFT_DEFAULT_ACTOR_ISOLATION = MainActor;
				SWIFT_EMIT_LOC_STRINGS = YES;
				SWIFT_UPCOMING_FEATURE_MEMBER_IMPORT_VISIBILITY = YES;
				SWIFT_VERSION = 5.0;
			};
			name = Release;
		};
		C0D000162FBA999900000016 /* Debug */ = {
			isa = XCBuildConfiguration;
			buildSettings = {
				CODE_SIGN_ENTITLEMENTS = "macOS (Share Extension)/ScreenshotSafeShare.entitlements";
				"CODE_SIGN_IDENTITY[sdk=macosx*]" = "Apple Development";
				CODE_SIGN_STYLE = Automatic;
				CURRENT_PROJECT_VERSION = 1;
				DEVELOPMENT_TEAM = V97W676S4N;
				ENABLE_APP_SANDBOX = YES;
				ENABLE_HARDENED_RUNTIME = YES;
				ENABLE_OUTGOING_NETWORK_CONNECTIONS = YES;
				ENABLE_USER_SELECTED_FILES = readonly;
				GENERATE_INFOPLIST_FILE = YES;
				INFOPLIST_FILE = "macOS (Share Extension)/Info.plist";
				INFOPLIST_KEY_CFBundleDisplayName = "ScreenshotSafe Share";
				INFOPLIST_KEY_NSHumanReadableCopyright = "";
				LD_RUNPATH_SEARCH_PATHS = (
					"$(inherited)",
					"@executable_path/../Frameworks",
					"@executable_path/../../../../Frameworks",
				);
				MACOSX_DEPLOYMENT_TARGET = 10.14;
				MARKETING_VERSION = 1.0;
				PRODUCT_BUNDLE_IDENTIFIER = com.screenshotsafe.safari.ShareExtension;
				PRODUCT_NAME = "ScreenshotSafe Share";
				SDKROOT = macosx;
				SKIP_INSTALL = YES;
				STRING_CATALOG_GENERATE_SYMBOLS = YES;
				SWIFT_APPROACHABLE_CONCURRENCY = YES;
				SWIFT_EMIT_LOC_STRINGS = YES;
				SWIFT_UPCOMING_FEATURE_MEMBER_IMPORT_VISIBILITY = YES;
				SWIFT_VERSION = 5.0;
			};
			name = Debug;
		};
		C0D000192FBA999900000019 /* Release */ = {
			isa = XCBuildConfiguration;
			buildSettings = {
				CODE_SIGN_ENTITLEMENTS = "macOS (Share Extension)/ScreenshotSafeShare.entitlements";
				"CODE_SIGN_IDENTITY[sdk=macosx*]" = "Apple Development";
				CODE_SIGN_STYLE = Automatic;
				CURRENT_PROJECT_VERSION = 1;
				DEVELOPMENT_TEAM = V97W676S4N;
				ENABLE_APP_SANDBOX = YES;
				ENABLE_HARDENED_RUNTIME = YES;
				ENABLE_OUTGOING_NETWORK_CONNECTIONS = YES;
				ENABLE_USER_SELECTED_FILES = readonly;
				GENERATE_INFOPLIST_FILE = YES;
				INFOPLIST_FILE = "macOS (Share Extension)/Info.plist";
				INFOPLIST_KEY_CFBundleDisplayName = "ScreenshotSafe Share";
				INFOPLIST_KEY_NSHumanReadableCopyright = "";
				LD_RUNPATH_SEARCH_PATHS = (
					"$(inherited)",
					"@executable_path/../Frameworks",
					"@executable_path/../../../../Frameworks",
				);
				MACOSX_DEPLOYMENT_TARGET = 10.14;
				MARKETING_VERSION = 1.0;
				PRODUCT_BUNDLE_IDENTIFIER = com.screenshotsafe.safari.ShareExtension;
				PRODUCT_NAME = "ScreenshotSafe Share";
				SDKROOT = macosx;
				SKIP_INSTALL = YES;
				STRING_CATALOG_GENERATE_SYMBOLS = YES;
				SWIFT_APPROACHABLE_CONCURRENCY = YES;
				SWIFT_EMIT_LOC_STRINGS = YES;
				SWIFT_UPCOMING_FEATURE_MEMBER_IMPORT_VISIBILITY = YES;
				SWIFT_VERSION = 5.0;
			};
			name = Release;
		};
/* End XCBuildConfiguration section */

/* Begin XCConfigurationList section */
		A2FB8AA52FBA180B005916E6 /* Build configuration list for PBXProject "ScreenshotSafe" */ = {
			isa = XCConfigurationList;
			buildConfigurations = (
				A2FB8AF12FBA180C005916E6 /* Debug */,
				A2FB8AF22FBA180C005916E6 /* Release */,
			);
			defaultConfigurationIsVisible = 0;
			defaultConfigurationName = Release;
		};
		A2FB8AF32FBA180C005916E6 /* Build configuration list for PBXNativeTarget "ScreenshotSafe Extension (iOS)" */ = {
			isa = XCConfigurationList;
			buildConfigurations = (
				A2FB8AF42FBA180C005916E6 /* Debug */,
				A2FB8AF52FBA180C005916E6 /* Release */,
			);
			defaultConfigurationIsVisible = 0;
			defaultConfigurationName = Release;
		};
		A2FB8AF72FBA180C005916E6 /* Build configuration list for PBXNativeTarget "ScreenshotSafe (iOS)" */ = {
			isa = XCConfigurationList;
			buildConfigurations = (
				A2FB8AF82FBA180C005916E6 /* Debug */,
				A2FB8AF92FBA180C005916E6 /* Release */,
			);
			defaultConfigurationIsVisible = 0;
			defaultConfigurationName = Release;
		};
		A2FB8AFA2FBA180C005916E6 /* Build configuration list for PBXNativeTarget "ScreenshotSafe Extension (macOS)" */ = {
			isa = XCConfigurationList;
			buildConfigurations = (
				A2FB8AFB2FBA180C005916E6 /* Debug */,
				A2FB8AFC2FBA180C005916E6 /* Release */,
			);
			defaultConfigurationIsVisible = 0;
			defaultConfigurationName = Release;
		};
		A2FB8AFE2FBA180C005916E6 /* Build configuration list for PBXNativeTarget "ScreenshotSafe (macOS)" */ = {
			isa = XCConfigurationList;
			buildConfigurations = (
				A2FB8AFF2FBA180C005916E6 /* Debug */,
				A2FB8B002FBA180C005916E6 /* Release */,
			);
			defaultConfigurationIsVisible = 0;
			defaultConfigurationName = Release;
		};
		C0D000172FBA999900000017 /* Build configuration list for PBXNativeTarget "ScreenshotSafe Share Extension (macOS)" */ = {
			isa = XCConfigurationList;
			buildConfigurations = (
				C0D000162FBA999900000016 /* Debug */,
				C0D000192FBA999900000019 /* Release */,
			);
			defaultConfigurationIsVisible = 0;
			defaultConfigurationName = Release;
		};
/* End XCConfigurationList section */
	};
	rootObject = A2FB8AA22FBA180B005916E6 /* Project object */;
}
