// !$*UTF8*$!
{
	archiveVersion = 1;
	classes = {
	};
	objectVersion = 77;
	objects = {

/* Begin PBXBuildFile section */
		A23A5CC92FB9804B0021101E /* AppDelegate.swift in Sources */ = {isa = PBXBuildFile; fileRef = A23A5CC82FB9804B0021101E /* AppDelegate.swift */; };
		A23A5CCB2FB9804B0021101E /* SceneDelegate.swift in Sources */ = {isa = PBXBuildFile; fileRef = A23A5CCA2FB9804B0021101E /* SceneDelegate.swift */; };
		A23A5CCE2FB9804B0021101E /* LaunchScreen.storyboard in Resources */ = {isa = PBXBuildFile; fileRef = A23A5CCC2FB9804B0021101E /* LaunchScreen.storyboard */; };
		A23A5CD12FB9804B0021101E /* Main.storyboard in Resources */ = {isa = PBXBuildFile; fileRef = A23A5CCF2FB9804B0021101E /* Main.storyboard */; };
		A23A5CDA2FB9804B0021101E /* AppDelegate.swift in Sources */ = {isa = PBXBuildFile; fileRef = A23A5CD92FB9804B0021101E /* AppDelegate.swift */; };
		A23A5CDD2FB9804B0021101E /* Main.storyboard in Resources */ = {isa = PBXBuildFile; fileRef = A23A5CDB2FB9804B0021101E /* Main.storyboard */; };
		A23A5CE42FB9804B0021101E /* ScreenshotSafe Extension.appex in Embed Foundation Extensions */ = {isa = PBXBuildFile; fileRef = A23A5CE32FB9804B0021101E /* ScreenshotSafe Extension.appex */; settings = {ATTRIBUTES = (RemoveHeadersOnCopy, ); }; };
		A23A5CEE2FB9804B0021101E /* ScreenshotSafe Extension.appex in Embed Foundation Extensions */ = {isa = PBXBuildFile; fileRef = A23A5CED2FB9804B0021101E /* ScreenshotSafe Extension.appex */; settings = {ATTRIBUTES = (RemoveHeadersOnCopy, ); }; };
		A23A5CF32FB9804B0021101E /* Main.html in Resources */ = {isa = PBXBuildFile; fileRef = A23A5CB82FB9804A0021101E /* Main.html */; };
		A23A5CF42FB9804B0021101E /* Main.html in Resources */ = {isa = PBXBuildFile; fileRef = A23A5CB82FB9804A0021101E /* Main.html */; };
		A23A5CF52FB9804B0021101E /* Icon.png in Resources */ = {isa = PBXBuildFile; fileRef = A23A5CBA2FB9804A0021101E /* Icon.png */; };
		A23A5CF62FB9804B0021101E /* Icon.png in Resources */ = {isa = PBXBuildFile; fileRef = A23A5CBA2FB9804A0021101E /* Icon.png */; };
		A23A5CF72FB9804B0021101E /* Style.css in Resources */ = {isa = PBXBuildFile; fileRef = A23A5CBB2FB9804A0021101E /* Style.css */; };
		A23A5CF82FB9804B0021101E /* Style.css in Resources */ = {isa = PBXBuildFile; fileRef = A23A5CBB2FB9804A0021101E /* Style.css */; };
		A23A5CF92FB9804B0021101E /* Script.js in Resources */ = {isa = PBXBuildFile; fileRef = A23A5CBC2FB9804A0021101E /* Script.js */; };
		A23A5CFA2FB9804B0021101E /* Script.js in Resources */ = {isa = PBXBuildFile; fileRef = A23A5CBC2FB9804A0021101E /* Script.js */; };
		A23A5CFB2FB9804B0021101E /* ViewController.swift in Sources */ = {isa = PBXBuildFile; fileRef = A23A5CBD2FB9804A0021101E /* ViewController.swift */; };
		A23A5CFC2FB9804B0021101E /* ViewController.swift in Sources */ = {isa = PBXBuildFile; fileRef = A23A5CBD2FB9804A0021101E /* ViewController.swift */; };
		A23A5CFD2FB9804B0021101E /* Assets.xcassets in Resources */ = {isa = PBXBuildFile; fileRef = A23A5CBE2FB9804B0021101E /* Assets.xcassets */; };
		A23A5CFE2FB9804B0021101E /* Assets.xcassets in Resources */ = {isa = PBXBuildFile; fileRef = A23A5CBE2FB9804B0021101E /* Assets.xcassets */; };
		A23A5CFF2FB9804B0021101E /* SafariWebExtensionHandler.swift in Sources */ = {isa = PBXBuildFile; fileRef = A23A5CC02FB9804B0021101E /* SafariWebExtensionHandler.swift */; };
		A23A5D002FB9804B0021101E /* SafariWebExtensionHandler.swift in Sources */ = {isa = PBXBuildFile; fileRef = A23A5CC02FB9804B0021101E /* SafariWebExtensionHandler.swift */; };
		A23A5D1C2FB9804B0021101E /* popup.js in Resources */ = {isa = PBXBuildFile; fileRef = A23A5D122FB9804B0021101E /* popup.js */; };
		A23A5D1D2FB9804B0021101E /* webext-api.js in Resources */ = {isa = PBXBuildFile; fileRef = A23A5D132FB9804B0021101E /* webext-api.js */; };
		A23A5D1E2FB9804B0021101E /* background.js in Resources */ = {isa = PBXBuildFile; fileRef = A23A5D142FB9804B0021101E /* background.js */; };
		A23A5D1F2FB9804B0021101E /* popup.html in Resources */ = {isa = PBXBuildFile; fileRef = A23A5D152FB9804B0021101E /* popup.html */; };
		A23A5D202FB9804B0021101E /* options.js in Resources */ = {isa = PBXBuildFile; fileRef = A23A5D162FB9804B0021101E /* options.js */; };
		A23A5D212FB9804B0021101E /* editor.html in Resources */ = {isa = PBXBuildFile; fileRef = A23A5D172FB9804B0021101E /* editor.html */; };
		A23A5D222FB9804B0021101E /* editor.js in Resources */ = {isa = PBXBuildFile; fileRef = A23A5D182FB9804B0021101E /* editor.js */; };
		A23A5D232FB9804B0021101E /* icons in Resources */ = {isa = PBXBuildFile; fileRef = A23A5D192FB9804B0021101E /* icons */; };
		A23A5D242FB9804B0021101E /* manifest.json in Resources */ = {isa = PBXBuildFile; fileRef = A23A5D1A2FB9804B0021101E /* manifest.json */; };
		A23A5D252FB9804B0021101E /* options.html in Resources */ = {isa = PBXBuildFile; fileRef = A23A5D1B2FB9804B0021101E /* options.html */; };
		A23A5D262FB9804B0021101E /* popup.js in Resources */ = {isa = PBXBuildFile; fileRef = A23A5D122FB9804B0021101E /* popup.js */; };
		A23A5D272FB9804B0021101E /* webext-api.js in Resources */ = {isa = PBXBuildFile; fileRef = A23A5D132FB9804B0021101E /* webext-api.js */; };
		A23A5D282FB9804B0021101E /* background.js in Resources */ = {isa = PBXBuildFile; fileRef = A23A5D142FB9804B0021101E /* background.js */; };
		A23A5D292FB9804B0021101E /* popup.html in Resources */ = {isa = PBXBuildFile; fileRef = A23A5D152FB9804B0021101E /* popup.html */; };
		A23A5D2A2FB9804B0021101E /* options.js in Resources */ = {isa = PBXBuildFile; fileRef = A23A5D162FB9804B0021101E /* options.js */; };
		A23A5D2B2FB9804B0021101E /* editor.html in Resources */ = {isa = PBXBuildFile; fileRef = A23A5D172FB9804B0021101E /* editor.html */; };
		A23A5D2C2FB9804B0021101E /* editor.js in Resources */ = {isa = PBXBuildFile; fileRef = A23A5D182FB9804B0021101E /* editor.js */; };
		A23A5D2D2FB9804B0021101E /* icons in Resources */ = {isa = PBXBuildFile; fileRef = A23A5D192FB9804B0021101E /* icons */; };
		A23A5D2E2FB9804B0021101E /* manifest.json in Resources */ = {isa = PBXBuildFile; fileRef = A23A5D1A2FB9804B0021101E /* manifest.json */; };
		A23A5D2F2FB9804B0021101E /* options.html in Resources */ = {isa = PBXBuildFile; fileRef = A23A5D1B2FB9804B0021101E /* options.html */; };
/* End PBXBuildFile section */

/* Begin PBXContainerItemProxy section */
		A23A5CE52FB9804B0021101E /* PBXContainerItemProxy */ = {
			isa = PBXContainerItemProxy;
			containerPortal = A23A5CB22FB9804A0021101E /* Project object */;
			proxyType = 1;
			remoteGlobalIDString = A23A5CE22FB9804B0021101E;
			remoteInfo = "ScreenshotSafe Extension (iOS)";
		};
		A23A5CEF2FB9804B0021101E /* PBXContainerItemProxy */ = {
			isa = PBXContainerItemProxy;
			containerPortal = A23A5CB22FB9804A0021101E /* Project object */;
			proxyType = 1;
			remoteGlobalIDString = A23A5CEC2FB9804B0021101E;
			remoteInfo = "ScreenshotSafe Extension (macOS)";
		};
/* End PBXContainerItemProxy section */

/* Begin PBXCopyFilesBuildPhase section */
		A23A5D062FB9804B0021101E /* Embed Foundation Extensions */ = {
			isa = PBXCopyFilesBuildPhase;
			buildActionMask = 2147483647;
			dstPath = "";
			dstSubfolderSpec = 13;
			files = (
				A23A5CE42FB9804B0021101E /* ScreenshotSafe Extension.appex in Embed Foundation Extensions */,
			);
			name = "Embed Foundation Extensions";
			runOnlyForDeploymentPostprocessing = 0;
		};
		A23A5D0D2FB9804B0021101E /* Embed Foundation Extensions */ = {
			isa = PBXCopyFilesBuildPhase;
			buildActionMask = 2147483647;
			dstPath = "";
			dstSubfolderSpec = 13;
			files = (
				A23A5CEE2FB9804B0021101E /* ScreenshotSafe Extension.appex in Embed Foundation Extensions */,
			);
			name = "Embed Foundation Extensions";
			runOnlyForDeploymentPostprocessing = 0;
		};
/* End PBXCopyFilesBuildPhase section */

/* Begin PBXFileReference section */
		A23A5CB92FB9804A0021101E /* Base */ = {isa = PBXFileReference; lastKnownFileType = text.html; name = Base; path = Base.lproj/Main.html; sourceTree = "<group>"; };
		A23A5CBA2FB9804A0021101E /* Icon.png */ = {isa = PBXFileReference; lastKnownFileType = image.png; path = Icon.png; sourceTree = "<group>"; };
		A23A5CBB2FB9804A0021101E /* Style.css */ = {isa = PBXFileReference; lastKnownFileType = text.css; path = Style.css; sourceTree = "<group>"; };
		A23A5CBC2FB9804A0021101E /* Script.js */ = {isa = PBXFileReference; lastKnownFileType = sourcecode.javascript; path = Script.js; sourceTree = "<group>"; };
		A23A5CBD2FB9804A0021101E /* ViewController.swift */ = {isa = PBXFileReference; lastKnownFileType = sourcecode.swift; path = ViewController.swift; sourceTree = "<group>"; };
		A23A5CBE2FB9804B0021101E /* Assets.xcassets */ = {isa = PBXFileReference; lastKnownFileType = folder.assetcatalog; path = Assets.xcassets; sourceTree = "<group>"; };
		A23A5CC02FB9804B0021101E /* SafariWebExtensionHandler.swift */ = {isa = PBXFileReference; lastKnownFileType = sourcecode.swift; path = SafariWebExtensionHandler.swift; sourceTree = "<group>"; };
		A23A5CC52FB9804B0021101E /* ScreenshotSafe.app */ = {isa = PBXFileReference; explicitFileType = wrapper.application; includeInIndex = 0; path = ScreenshotSafe.app; sourceTree = BUILT_PRODUCTS_DIR; };
		A23A5CC82FB9804B0021101E /* AppDelegate.swift */ = {isa = PBXFileReference; lastKnownFileType = sourcecode.swift; path = AppDelegate.swift; sourceTree = "<group>"; };
		A23A5CCA2FB9804B0021101E /* SceneDelegate.swift */ = {isa = PBXFileReference; lastKnownFileType = sourcecode.swift; path = SceneDelegate.swift; sourceTree = "<group>"; };
		A23A5CCD2FB9804B0021101E /* Base */ = {isa = PBXFileReference; lastKnownFileType = file.storyboard; name = Base; path = Base.lproj/LaunchScreen.storyboard; sourceTree = "<group>"; };
		A23A5CD02FB9804B0021101E /* Base */ = {isa = PBXFileReference; lastKnownFileType = file.storyboard; name = Base; path = Base.lproj/Main.storyboard; sourceTree = "<group>"; };
		A23A5CD22FB9804B0021101E /* Info.plist */ = {isa = PBXFileReference; lastKnownFileType = text.plist.xml; path = Info.plist; sourceTree = "<group>"; };
		A23A5CD72FB9804B0021101E /* ScreenshotSafe.app */ = {isa = PBXFileReference; explicitFileType = wrapper.application; includeInIndex = 0; path = ScreenshotSafe.app; sourceTree = BUILT_PRODUCTS_DIR; };
		A23A5CD92FB9804B0021101E /* AppDelegate.swift */ = {isa = PBXFileReference; lastKnownFileType = sourcecode.swift; path = AppDelegate.swift; sourceTree = "<group>"; };
		A23A5CDC2FB9804B0021101E /* Base */ = {isa = PBXFileReference; lastKnownFileType = file.storyboard; name = Base; path = Base.lproj/Main.storyboard; sourceTree = "<group>"; };
		A23A5CDE2FB9804B0021101E /* Info.plist */ = {isa = PBXFileReference; lastKnownFileType = text.plist.xml; path = Info.plist; sourceTree = "<group>"; };
		A23A5CE32FB9804B0021101E /* ScreenshotSafe Extension.appex */ = {isa = PBXFileReference; explicitFileType = "wrapper.app-extension"; includeInIndex = 0; path = "ScreenshotSafe Extension.appex"; sourceTree = BUILT_PRODUCTS_DIR; };
		A23A5CE82FB9804B0021101E /* Info.plist */ = {isa = PBXFileReference; lastKnownFileType = text.plist.xml; path = Info.plist; sourceTree = "<group>"; };
		A23A5CED2FB9804B0021101E /* ScreenshotSafe Extension.appex */ = {isa = PBXFileReference; explicitFileType = "wrapper.app-extension"; includeInIndex = 0; path = "ScreenshotSafe Extension.appex"; sourceTree = BUILT_PRODUCTS_DIR; };
		A23A5CF22FB9804B0021101E /* Info.plist */ = {isa = PBXFileReference; lastKnownFileType = text.plist.xml; path = Info.plist; sourceTree = "<group>"; };
		A23A5D122FB9804B0021101E /* popup.js */ = {isa = PBXFileReference; lastKnownFileType = sourcecode.javascript; name = popup.js; path = Resources/popup.js; sourceTree = "<group>"; };
		A23A5D132FB9804B0021101E /* webext-api.js */ = {isa = PBXFileReference; lastKnownFileType = sourcecode.javascript; name = "webext-api.js"; path = "Resources/webext-api.js"; sourceTree = "<group>"; };
		A23A5D142FB9804B0021101E /* background.js */ = {isa = PBXFileReference; lastKnownFileType = sourcecode.javascript; name = background.js; path = Resources/background.js; sourceTree = "<group>"; };
		A23A5D152FB9804B0021101E /* popup.html */ = {isa = PBXFileReference; lastKnownFileType = text.html; name = popup.html; path = Resources/popup.html; sourceTree = "<group>"; };
		A23A5D162FB9804B0021101E /* options.js */ = {isa = PBXFileReference; lastKnownFileType = sourcecode.javascript; name = options.js; path = Resources/options.js; sourceTree = "<group>"; };
		A23A5D172FB9804B0021101E /* editor.html */ = {isa = PBXFileReference; lastKnownFileType = text.html; name = editor.html; path = Resources/editor.html; sourceTree = "<group>"; };
		A23A5D182FB9804B0021101E /* editor.js */ = {isa = PBXFileReference; lastKnownFileType = sourcecode.javascript; name = editor.js; path = Resources/editor.js; sourceTree = "<group>"; };
		A23A5D192FB9804B0021101E /* icons */ = {isa = PBXFileReference; lastKnownFileType = folder; name = icons; path = Resources/icons; sourceTree = "<group>"; };
		A23A5D1A2FB9804B0021101E /* manifest.json */ = {isa = PBXFileReference; lastKnownFileType = text.json; name = manifest.json; path = Resources/manifest.json; sourceTree = "<group>"; };
		A23A5D1B2FB9804B0021101E /* options.html */ = {isa = PBXFileReference; lastKnownFileType = text.html; name = options.html; path = Resources/options.html; sourceTree = "<group>"; };
/* End PBXFileReference section */

/* Begin PBXFrameworksBuildPhase section */
		A23A5CC22FB9804B0021101E /* Frameworks */ = {
			isa = PBXFrameworksBuildPhase;
			buildActionMask = 2147483647;
			files = (
			);
			runOnlyForDeploymentPostprocessing = 0;
		};
		A23A5CD42FB9804B0021101E /* Frameworks */ = {
			isa = PBXFrameworksBuildPhase;
			buildActionMask = 2147483647;
			files = (
			);
			runOnlyForDeploymentPostprocessing = 0;
		};
		A23A5CE02FB9804B0021101E /* Frameworks */ = {
			isa = PBXFrameworksBuildPhase;
			buildActionMask = 2147483647;
			files = (
			);
			runOnlyForDeploymentPostprocessing = 0;
		};
		A23A5CEA2FB9804B0021101E /* Frameworks */ = {
			isa = PBXFrameworksBuildPhase;
			buildActionMask = 2147483647;
			files = (
			);
			runOnlyForDeploymentPostprocessing = 0;
		};
/* End PBXFrameworksBuildPhase section */

/* Begin PBXGroup section */
		A23A5CB12FB9804A0021101E = {
			isa = PBXGroup;
			children = (
				A23A5CB62FB9804A0021101E /* Shared (App) */,
				A23A5CBF2FB9804B0021101E /* Shared (Extension) */,
				A23A5CC72FB9804B0021101E /* iOS (App) */,
				A23A5CD82FB9804B0021101E /* macOS (App) */,
				A23A5CE72FB9804B0021101E /* iOS (Extension) */,
				A23A5CF12FB9804B0021101E /* macOS (Extension) */,
				A23A5CC62FB9804B0021101E /* Products */,
			);
			sourceTree = "<group>";
		};
		A23A5CB62FB9804A0021101E /* Shared (App) */ = {
			isa = PBXGroup;
			children = (
				A23A5CBD2FB9804A0021101E /* ViewController.swift */,
				A23A5CBE2FB9804B0021101E /* Assets.xcassets */,
				A23A5CB72FB9804A0021101E /* Resources */,
			);
			path = "Shared (App)";
			sourceTree = "<group>";
		};
		A23A5CB72FB9804A0021101E /* Resources */ = {
			isa = PBXGroup;
			children = (
				A23A5CB82FB9804A0021101E /* Main.html */,
				A23A5CBA2FB9804A0021101E /* Icon.png */,
				A23A5CBB2FB9804A0021101E /* Style.css */,
				A23A5CBC2FB9804A0021101E /* Script.js */,
			);
			path = Resources;
			sourceTree = "<group>";
		};
		A23A5CBF2FB9804B0021101E /* Shared (Extension) */ = {
			isa = PBXGroup;
			children = (
				A23A5D112FB9804B0021101E /* Resources */,
				A23A5CC02FB9804B0021101E /* SafariWebExtensionHandler.swift */,
			);
			path = "Shared (Extension)";
			sourceTree = "<group>";
		};
		A23A5CC62FB9804B0021101E /* Products */ = {
			isa = PBXGroup;
			children = (
				A23A5CC52FB9804B0021101E /* ScreenshotSafe.app */,
				A23A5CD72FB9804B0021101E /* ScreenshotSafe.app */,
				A23A5CE32FB9804B0021101E /* ScreenshotSafe Extension.appex */,
				A23A5CED2FB9804B0021101E /* ScreenshotSafe Extension.appex */,
			);
			name = Products;
			sourceTree = "<group>";
		};
		A23A5CC72FB9804B0021101E /* iOS (App) */ = {
			isa = PBXGroup;
			children = (
				A23A5CC82FB9804B0021101E /* AppDelegate.swift */,
				A23A5CCA2FB9804B0021101E /* SceneDelegate.swift */,
				A23A5CCC2FB9804B0021101E /* LaunchScreen.storyboard */,
				A23A5CCF2FB9804B0021101E /* Main.storyboard */,
				A23A5CD22FB9804B0021101E /* Info.plist */,
			);
			path = "iOS (App)";
			sourceTree = "<group>";
		};
		A23A5CD82FB9804B0021101E /* macOS (App) */ = {
			isa = PBXGroup;
			children = (
				A23A5CD92FB9804B0021101E /* AppDelegate.swift */,
				A23A5CDB2FB9804B0021101E /* Main.storyboard */,
				A23A5CDE2FB9804B0021101E /* Info.plist */,
			);
			path = "macOS (App)";
			sourceTree = "<group>";
		};
		A23A5CE72FB9804B0021101E /* iOS (Extension) */ = {
			isa = PBXGroup;
			children = (
				A23A5CE82FB9804B0021101E /* Info.plist */,
			);
			path = "iOS (Extension)";
			sourceTree = "<group>";
		};
		A23A5CF12FB9804B0021101E /* macOS (Extension) */ = {
			isa = PBXGroup;
			children = (
				A23A5CF22FB9804B0021101E /* Info.plist */,
			);
			path = "macOS (Extension)";
			sourceTree = "<group>";
		};
		A23A5D112FB9804B0021101E /* Resources */ = {
			isa = PBXGroup;
			children = (
				A23A5D122FB9804B0021101E /* popup.js */,
				A23A5D132FB9804B0021101E /* webext-api.js */,
				A23A5D142FB9804B0021101E /* background.js */,
				A23A5D152FB9804B0021101E /* popup.html */,
				A23A5D162FB9804B0021101E /* options.js */,
				A23A5D172FB9804B0021101E /* editor.html */,
				A23A5D182FB9804B0021101E /* editor.js */,
				A23A5D192FB9804B0021101E /* icons */,
				A23A5D1A2FB9804B0021101E /* manifest.json */,
				A23A5D1B2FB9804B0021101E /* options.html */,
			);
			name = Resources;
			path = "Shared (Extension)";
			sourceTree = SOURCE_ROOT;
		};
/* End PBXGroup section */

/* Begin PBXNativeTarget section */
		A23A5CC42FB9804B0021101E /* ScreenshotSafe (iOS) */ = {
			isa = PBXNativeTarget;
			buildConfigurationList = A23A5D072FB9804B0021101E /* Build configuration list for PBXNativeTarget "ScreenshotSafe (iOS)" */;
			buildPhases = (
				A23A5CC12FB9804B0021101E /* Sources */,
				A23A5CC22FB9804B0021101E /* Frameworks */,
				A23A5CC32FB9804B0021101E /* Resources */,
				A23A5D062FB9804B0021101E /* Embed Foundation Extensions */,
			);
			buildRules = (
			);
			dependencies = (
				A23A5CE62FB9804B0021101E /* PBXTargetDependency */,
			);
			name = "ScreenshotSafe (iOS)";
			packageProductDependencies = (
			);
			productName = "ScreenshotSafe (iOS)";
			productReference = A23A5CC52FB9804B0021101E /* ScreenshotSafe.app */;
			productType = "com.apple.product-type.application";
		};
		A23A5CD62FB9804B0021101E /* ScreenshotSafe (macOS) */ = {
			isa = PBXNativeTarget;
			buildConfigurationList = A23A5D0E2FB9804B0021101E /* Build configuration list for PBXNativeTarget "ScreenshotSafe (macOS)" */;
			buildPhases = (
				A23A5CD32FB9804B0021101E /* Sources */,
				A23A5CD42FB9804B0021101E /* Frameworks */,
				A23A5CD52FB9804B0021101E /* Resources */,
				A23A5D0D2FB9804B0021101E /* Embed Foundation Extensions */,
			);
			buildRules = (
			);
			dependencies = (
				A23A5CF02FB9804B0021101E /* PBXTargetDependency */,
			);
			name = "ScreenshotSafe (macOS)";
			packageProductDependencies = (
			);
			productName = "ScreenshotSafe (macOS)";
			productReference = A23A5CD72FB9804B0021101E /* ScreenshotSafe.app */;
			productType = "com.apple.product-type.application";
		};
		A23A5CE22FB9804B0021101E /* ScreenshotSafe Extension (iOS) */ = {
			isa = PBXNativeTarget;
			buildConfigurationList = A23A5D032FB9804B0021101E /* Build configuration list for PBXNativeTarget "ScreenshotSafe Extension (iOS)" */;
			buildPhases = (
				A23A5CDF2FB9804B0021101E /* Sources */,
				A23A5CE02FB9804B0021101E /* Frameworks */,
				A23A5CE12FB9804B0021101E /* Resources */,
			);
			buildRules = (
			);
			dependencies = (
			);
			name = "ScreenshotSafe Extension (iOS)";
			packageProductDependencies = (
			);
			productName = "ScreenshotSafe Extension (iOS)";
			productReference = A23A5CE32FB9804B0021101E /* ScreenshotSafe Extension.appex */;
			productType = "com.apple.product-type.app-extension";
		};
		A23A5CEC2FB9804B0021101E /* ScreenshotSafe Extension (macOS) */ = {
			isa = PBXNativeTarget;
			buildConfigurationList = A23A5D0A2FB9804B0021101E /* Build configuration list for PBXNativeTarget "ScreenshotSafe Extension (macOS)" */;
			buildPhases = (
				A23A5CE92FB9804B0021101E /* Sources */,
				A23A5CEA2FB9804B0021101E /* Frameworks */,
				A23A5CEB2FB9804B0021101E /* Resources */,
			);
			buildRules = (
			);
			dependencies = (
			);
			name = "ScreenshotSafe Extension (macOS)";
			packageProductDependencies = (
			);
			productName = "ScreenshotSafe Extension (macOS)";
			productReference = A23A5CED2FB9804B0021101E /* ScreenshotSafe Extension.appex */;
			productType = "com.apple.product-type.app-extension";
		};
/* End PBXNativeTarget section */

/* Begin PBXProject section */
		A23A5CB22FB9804A0021101E /* Project object */ = {
			isa = PBXProject;
			attributes = {
				BuildIndependentTargetsInParallel = 1;
				LastSwiftUpdateCheck = 2650;
				LastUpgradeCheck = 2650;
				TargetAttributes = {
					A23A5CC42FB9804B0021101E = {
						CreatedOnToolsVersion = 26.5;
					};
					A23A5CD62FB9804B0021101E = {
						CreatedOnToolsVersion = 26.5;
					};
					A23A5CE22FB9804B0021101E = {
						CreatedOnToolsVersion = 26.5;
					};
					A23A5CEC2FB9804B0021101E = {
						CreatedOnToolsVersion = 26.5;
					};
				};
			};
			buildConfigurationList = A23A5CB52FB9804A0021101E /* Build configuration list for PBXProject "ScreenshotSafe" */;
			developmentRegion = en;
			hasScannedForEncodings = 0;
			knownRegions = (
				en,
				Base,
			);
			mainGroup = A23A5CB12FB9804A0021101E;
			minimizedProjectReferenceProxies = 1;
			preferredProjectObjectVersion = 77;
			productRefGroup = A23A5CC62FB9804B0021101E /* Products */;
			projectDirPath = "";
			projectRoot = "";
			targets = (
				A23A5CC42FB9804B0021101E /* ScreenshotSafe (iOS) */,
				A23A5CD62FB9804B0021101E /* ScreenshotSafe (macOS) */,
				A23A5CE22FB9804B0021101E /* ScreenshotSafe Extension (iOS) */,
				A23A5CEC2FB9804B0021101E /* ScreenshotSafe Extension (macOS) */,
			);
		};
/* End PBXProject section */

/* Begin PBXResourcesBuildPhase section */
		A23A5CC32FB9804B0021101E /* Resources */ = {
			isa = PBXResourcesBuildPhase;
			buildActionMask = 2147483647;
			files = (
				A23A5CF52FB9804B0021101E /* Icon.png in Resources */,
				A23A5CCE2FB9804B0021101E /* LaunchScreen.storyboard in Resources */,
				A23A5CF32FB9804B0021101E /* Main.html in Resources */,
				A23A5CF92FB9804B0021101E /* Script.js in Resources */,
				A23A5CFD2FB9804B0021101E /* Assets.xcassets in Resources */,
				A23A5CD12FB9804B0021101E /* Main.storyboard in Resources */,
				A23A5CF72FB9804B0021101E /* Style.css in Resources */,
			);
			runOnlyForDeploymentPostprocessing = 0;
		};
		A23A5CD52FB9804B0021101E /* Resources */ = {
			isa = PBXResourcesBuildPhase;
			buildActionMask = 2147483647;
			files = (
				A23A5CF62FB9804B0021101E /* Icon.png in Resources */,
				A23A5CF82FB9804B0021101E /* Style.css in Resources */,
				A23A5CDD2FB9804B0021101E /* Main.storyboard in Resources */,
				A23A5CFA2FB9804B0021101E /* Script.js in Resources */,
				A23A5CFE2FB9804B0021101E /* Assets.xcassets in Resources */,
				A23A5CF42FB9804B0021101E /* Main.html in Resources */,
			);
			runOnlyForDeploymentPostprocessing = 0;
		};
		A23A5CE12FB9804B0021101E /* Resources */ = {
			isa = PBXResourcesBuildPhase;
			buildActionMask = 2147483647;
			files = (
				A23A5D272FB9804B0021101E /* webext-api.js in Resources */,
				A23A5D2D2FB9804B0021101E /* icons in Resources */,
				A23A5D2B2FB9804B0021101E /* editor.html in Resources */,
				A23A5D292FB9804B0021101E /* popup.html in Resources */,
				A23A5D2E2FB9804B0021101E /* manifest.json in Resources */,
				A23A5D282FB9804B0021101E /* background.js in Resources */,
				A23A5D2C2FB9804B0021101E /* editor.js in Resources */,
				A23A5D2F2FB9804B0021101E /* options.html in Resources */,
				A23A5D262FB9804B0021101E /* popup.js in Resources */,
				A23A5D2A2FB9804B0021101E /* options.js in Resources */,
			);
			runOnlyForDeploymentPostprocessing = 0;
		};
		A23A5CEB2FB9804B0021101E /* Resources */ = {
			isa = PBXResourcesBuildPhase;
			buildActionMask = 2147483647;
			files = (
				A23A5D1D2FB9804B0021101E /* webext-api.js in Resources */,
				A23A5D232FB9804B0021101E /* icons in Resources */,
				A23A5D212FB9804B0021101E /* editor.html in Resources */,
				A23A5D1F2FB9804B0021101E /* popup.html in Resources */,
				A23A5D242FB9804B0021101E /* manifest.json in Resources */,
				A23A5D1E2FB9804B0021101E /* background.js in Resources */,
				A23A5D222FB9804B0021101E /* editor.js in Resources */,
				A23A5D252FB9804B0021101E /* options.html in Resources */,
				A23A5D1C2FB9804B0021101E /* popup.js in Resources */,
				A23A5D202FB9804B0021101E /* options.js in Resources */,
			);
			runOnlyForDeploymentPostprocessing = 0;
		};
/* End PBXResourcesBuildPhase section */

/* Begin PBXSourcesBuildPhase section */
		A23A5CC12FB9804B0021101E /* Sources */ = {
			isa = PBXSourcesBuildPhase;
			buildActionMask = 2147483647;
			files = (
				A23A5CFB2FB9804B0021101E /* ViewController.swift in Sources */,
				A23A5CC92FB9804B0021101E /* AppDelegate.swift in Sources */,
				A23A5CCB2FB9804B0021101E /* SceneDelegate.swift in Sources */,
			);
			runOnlyForDeploymentPostprocessing = 0;
		};
		A23A5CD32FB9804B0021101E /* Sources */ = {
			isa = PBXSourcesBuildPhase;
			buildActionMask = 2147483647;
			files = (
				A23A5CFC2FB9804B0021101E /* ViewController.swift in Sources */,
				A23A5CDA2FB9804B0021101E /* AppDelegate.swift in Sources */,
			);
			runOnlyForDeploymentPostprocessing = 0;
		};
		A23A5CDF2FB9804B0021101E /* Sources */ = {
			isa = PBXSourcesBuildPhase;
			buildActionMask = 2147483647;
			files = (
				A23A5CFF2FB9804B0021101E /* SafariWebExtensionHandler.swift in Sources */,
			);
			runOnlyForDeploymentPostprocessing = 0;
		};
		A23A5CE92FB9804B0021101E /* Sources */ = {
			isa = PBXSourcesBuildPhase;
			buildActionMask = 2147483647;
			files = (
				A23A5D002FB9804B0021101E /* SafariWebExtensionHandler.swift in Sources */,
			);
			runOnlyForDeploymentPostprocessing = 0;
		};
/* End PBXSourcesBuildPhase section */

/* Begin PBXTargetDependency section */
		A23A5CE62FB9804B0021101E /* PBXTargetDependency */ = {
			isa = PBXTargetDependency;
			target = A23A5CE22FB9804B0021101E /* ScreenshotSafe Extension (iOS) */;
			targetProxy = A23A5CE52FB9804B0021101E /* PBXContainerItemProxy */;
		};
		A23A5CF02FB9804B0021101E /* PBXTargetDependency */ = {
			isa = PBXTargetDependency;
			target = A23A5CEC2FB9804B0021101E /* ScreenshotSafe Extension (macOS) */;
			targetProxy = A23A5CEF2FB9804B0021101E /* PBXContainerItemProxy */;
		};
/* End PBXTargetDependency section */

/* Begin PBXVariantGroup section */
		A23A5CB82FB9804A0021101E /* Main.html */ = {
			isa = PBXVariantGroup;
			children = (
				A23A5CB92FB9804A0021101E /* Base */,
			);
			name = Main.html;
			sourceTree = "<group>";
		};
		A23A5CCC2FB9804B0021101E /* LaunchScreen.storyboard */ = {
			isa = PBXVariantGroup;
			children = (
				A23A5CCD2FB9804B0021101E /* Base */,
			);
			name = LaunchScreen.storyboard;
			sourceTree = "<group>";
		};
		A23A5CCF2FB9804B0021101E /* Main.storyboard */ = {
			isa = PBXVariantGroup;
			children = (
				A23A5CD02FB9804B0021101E /* Base */,
			);
			name = Main.storyboard;
			sourceTree = "<group>";
		};
		A23A5CDB2FB9804B0021101E /* Main.storyboard */ = {
			isa = PBXVariantGroup;
			children = (
				A23A5CDC2FB9804B0021101E /* Base */,
			);
			name = Main.storyboard;
			sourceTree = "<group>";
		};
/* End PBXVariantGroup section */

/* Begin XCBuildConfiguration section */
		A23A5D012FB9804B0021101E /* Debug */ = {
			isa = XCBuildConfiguration;
			buildSettings = {
				ALWAYS_SEARCH_USER_PATHS = NO;
				ASSETCATALOG_COMPILER_GENERATE_SWIFT_ASSET_SYMBOL_EXTENSIONS = YES;
				CLANG_ANALYZER_NONNULL = YES;
				CLANG_ANALYZER_NUMBER_OBJECT_CONVERSION = YES_AGGRESSIVE;
				CLANG_CXX_LANGUAGE_STANDARD = "gnu++20";
				CLANG_ENABLE_MODULES = YES;
				CLANG_ENABLE_OBJC_ARC = YES;
				CLANG_ENABLE_OBJC_WEAK = YES;
				CLANG_WARN_BLOCK_CAPTURE_AUTORELEASING = YES;
				CLANG_WARN_BOOL_CONVERSION = YES;
				CLANG_WARN_COMMA = YES;
				CLANG_WARN_CONSTANT_CONVERSION = YES;
				CLANG_WARN_DEPRECATED_OBJC_IMPLEMENTATIONS = YES;
				CLANG_WARN_DIRECT_OBJC_ISA_USAGE = YES_ERROR;
				CLANG_WARN_DOCUMENTATION_COMMENTS = YES;
				CLANG_WARN_EMPTY_BODY = YES;
				CLANG_WARN_ENUM_CONVERSION = YES;
				CLANG_WARN_INFINITE_RECURSION = YES;
				CLANG_WARN_INT_CONVERSION = YES;
				CLANG_WARN_NON_LITERAL_NULL_CONVERSION = YES;
				CLANG_WARN_OBJC_IMPLICIT_RETAIN_SELF = YES;
				CLANG_WARN_OBJC_LITERAL_CONVERSION = YES;
				CLANG_WARN_OBJC_ROOT_CLASS = YES_ERROR;
				CLANG_WARN_QUOTED_INCLUDE_IN_FRAMEWORK_HEADER = YES;
				CLANG_WARN_RANGE_LOOP_ANALYSIS = YES;
				CLANG_WARN_STRICT_PROTOTYPES = YES;
				CLANG_WARN_SUSPICIOUS_MOVE = YES;
				CLANG_WARN_UNGUARDED_AVAILABILITY = YES_AGGRESSIVE;
				CLANG_WARN_UNREACHABLE_CODE = YES;
				CLANG_WARN__DUPLICATE_METHOD_MATCH = YES;
				COPY_PHASE_STRIP = NO;
				DEBUG_INFORMATION_FORMAT = dwarf;
				ENABLE_STRICT_OBJC_MSGSEND = YES;
				ENABLE_TESTABILITY = YES;
				ENABLE_USER_SCRIPT_SANDBOXING = YES;
				GCC_C_LANGUAGE_STANDARD = gnu17;
				GCC_DYNAMIC_NO_PIC = NO;
				GCC_NO_COMMON_BLOCKS = YES;
				GCC_OPTIMIZATION_LEVEL = 0;
				GCC_PREPROCESSOR_DEFINITIONS = (
					"DEBUG=1",
					"$(inherited)",
				);
				GCC_WARN_64_TO_32_BIT_CONVERSION = YES;
				GCC_WARN_ABOUT_RETURN_TYPE = YES_ERROR;
				GCC_WARN_UNDECLARED_SELECTOR = YES;
				GCC_WARN_UNINITIALIZED_AUTOS = YES_AGGRESSIVE;
				GCC_WARN_UNUSED_FUNCTION = YES;
				GCC_WARN_UNUSED_VARIABLE = YES;
				LOCALIZATION_PREFERS_STRING_CATALOGS = YES;
				MTL_ENABLE_DEBUG_INFO = INCLUDE_SOURCE;
				MTL_FAST_MATH = YES;
				ONLY_ACTIVE_ARCH = YES;
				SWIFT_ACTIVE_COMPILATION_CONDITIONS = "DEBUG $(inherited)";
				SWIFT_OPTIMIZATION_LEVEL = "-Onone";
			};
			name = Debug;
		};
		A23A5D022FB9804B0021101E /* Release */ = {
			isa = XCBuildConfiguration;
			buildSettings = {
				ALWAYS_SEARCH_USER_PATHS = NO;
				ASSETCATALOG_COMPILER_GENERATE_SWIFT_ASSET_SYMBOL_EXTENSIONS = YES;
				CLANG_ANALYZER_NONNULL = YES;
				CLANG_ANALYZER_NUMBER_OBJECT_CONVERSION = YES_AGGRESSIVE;
				CLANG_CXX_LANGUAGE_STANDARD = "gnu++20";
				CLANG_ENABLE_MODULES = YES;
				CLANG_ENABLE_OBJC_ARC = YES;
				CLANG_ENABLE_OBJC_WEAK = YES;
				CLANG_WARN_BLOCK_CAPTURE_AUTORELEASING = YES;
				CLANG_WARN_BOOL_CONVERSION = YES;
				CLANG_WARN_COMMA = YES;
				CLANG_WARN_CONSTANT_CONVERSION = YES;
				CLANG_WARN_DEPRECATED_OBJC_IMPLEMENTATIONS = YES;
				CLANG_WARN_DIRECT_OBJC_ISA_USAGE = YES_ERROR;
				CLANG_WARN_DOCUMENTATION_COMMENTS = YES;
				CLANG_WARN_EMPTY_BODY = YES;
				CLANG_WARN_ENUM_CONVERSION = YES;
				CLANG_WARN_INFINITE_RECURSION = YES;
				CLANG_WARN_INT_CONVERSION = YES;
				CLANG_WARN_NON_LITERAL_NULL_CONVERSION = YES;
				CLANG_WARN_OBJC_IMPLICIT_RETAIN_SELF = YES;
				CLANG_WARN_OBJC_LITERAL_CONVERSION = YES;
				CLANG_WARN_OBJC_ROOT_CLASS = YES_ERROR;
				CLANG_WARN_QUOTED_INCLUDE_IN_FRAMEWORK_HEADER = YES;
				CLANG_WARN_RANGE_LOOP_ANALYSIS = YES;
				CLANG_WARN_STRICT_PROTOTYPES = YES;
				CLANG_WARN_SUSPICIOUS_MOVE = YES;
				CLANG_WARN_UNGUARDED_AVAILABILITY = YES_AGGRESSIVE;
				CLANG_WARN_UNREACHABLE_CODE = YES;
				CLANG_WARN__DUPLICATE_METHOD_MATCH = YES;
				COPY_PHASE_STRIP = NO;
				DEBUG_INFORMATION_FORMAT = "dwarf-with-dsym";
				ENABLE_NS_ASSERTIONS = NO;
				ENABLE_STRICT_OBJC_MSGSEND = YES;
				ENABLE_USER_SCRIPT_SANDBOXING = YES;
				GCC_C_LANGUAGE_STANDARD = gnu17;
				GCC_NO_COMMON_BLOCKS = YES;
				GCC_WARN_64_TO_32_BIT_CONVERSION = YES;
				GCC_WARN_ABOUT_RETURN_TYPE = YES_ERROR;
				GCC_WARN_UNDECLARED_SELECTOR = YES;
				GCC_WARN_UNINITIALIZED_AUTOS = YES_AGGRESSIVE;
				GCC_WARN_UNUSED_FUNCTION = YES;
				GCC_WARN_UNUSED_VARIABLE = YES;
				LOCALIZATION_PREFERS_STRING_CATALOGS = YES;
				MTL_ENABLE_DEBUG_INFO = NO;
				MTL_FAST_MATH = YES;
				SWIFT_COMPILATION_MODE = wholemodule;
			};
			name = Release;
		};
		A23A5D042FB9804B0021101E /* Debug */ = {
			isa = XCBuildConfiguration;
			buildSettings = {
				CODE_SIGN_STYLE = Automatic;
				CURRENT_PROJECT_VERSION = 1;
				GENERATE_INFOPLIST_FILE = YES;
				INFOPLIST_FILE = "iOS (Extension)/Info.plist";
				INFOPLIST_KEY_CFBundleDisplayName = "ScreenshotSafe Extension";
				INFOPLIST_KEY_NSHumanReadableCopyright = "";
				IPHONEOS_DEPLOYMENT_TARGET = 15.0;
				LD_RUNPATH_SEARCH_PATHS = (
					"$(inherited)",
					"@executable_path/Frameworks",
					"@executable_path/../../Frameworks",
				);
				MARKETING_VERSION = 1.0;
				OTHER_LDFLAGS = (
					"-framework",
					SafariServices,
				);
				PRODUCT_BUNDLE_IDENTIFIER = com.screenshotsafe.safari.Extension;
				PRODUCT_NAME = "ScreenshotSafe Extension";
				SDKROOT = iphoneos;
				SKIP_INSTALL = YES;
				STRING_CATALOG_GENERATE_SYMBOLS = YES;
				SWIFT_APPROACHABLE_CONCURRENCY = YES;
				SWIFT_EMIT_LOC_STRINGS = YES;
				SWIFT_UPCOMING_FEATURE_MEMBER_IMPORT_VISIBILITY = YES;
				SWIFT_VERSION = 5.0;
				TARGETED_DEVICE_FAMILY = "1,2";
			};
			name = Debug;
		};
		A23A5D052FB9804B0021101E /* Release */ = {
			isa = XCBuildConfiguration;
			buildSettings = {
				CODE_SIGN_STYLE = Automatic;
				CURRENT_PROJECT_VERSION = 1;
				GENERATE_INFOPLIST_FILE = YES;
				INFOPLIST_FILE = "iOS (Extension)/Info.plist";
				INFOPLIST_KEY_CFBundleDisplayName = "ScreenshotSafe Extension";
				INFOPLIST_KEY_NSHumanReadableCopyright = "";
				IPHONEOS_DEPLOYMENT_TARGET = 15.0;
				LD_RUNPATH_SEARCH_PATHS = (
					"$(inherited)",
					"@executable_path/Frameworks",
					"@executable_path/../../Frameworks",
				);
				MARKETING_VERSION = 1.0;
				OTHER_LDFLAGS = (
					"-framework",
					SafariServices,
				);
				PRODUCT_BUNDLE_IDENTIFIER = com.screenshotsafe.safari.Extension;
				PRODUCT_NAME = "ScreenshotSafe Extension";
				SDKROOT = iphoneos;
				SKIP_INSTALL = YES;
				STRING_CATALOG_GENERATE_SYMBOLS = YES;
				SWIFT_APPROACHABLE_CONCURRENCY = YES;
				SWIFT_EMIT_LOC_STRINGS = YES;
				SWIFT_UPCOMING_FEATURE_MEMBER_IMPORT_VISIBILITY = YES;
				SWIFT_VERSION = 5.0;
				TARGETED_DEVICE_FAMILY = "1,2";
				VALIDATE_PRODUCT = YES;
			};
			name = Release;
		};
		A23A5D082FB9804B0021101E /* Debug */ = {
			isa = XCBuildConfiguration;
			buildSettings = {
				ASSETCATALOG_COMPILER_APPICON_NAME = AppIcon;
				ASSETCATALOG_COMPILER_GLOBAL_ACCENT_COLOR_NAME = AccentColor;
				CODE_SIGN_STYLE = Automatic;
				CURRENT_PROJECT_VERSION = 1;
				GENERATE_INFOPLIST_FILE = YES;
				INFOPLIST_FILE = "iOS (App)/Info.plist";
				INFOPLIST_KEY_CFBundleDisplayName = ScreenshotSafe;
				INFOPLIST_KEY_UIApplicationSupportsIndirectInputEvents = YES;
				INFOPLIST_KEY_UILaunchStoryboardName = LaunchScreen;
				INFOPLIST_KEY_UIMainStoryboardFile = Main;
				INFOPLIST_KEY_UISupportedInterfaceOrientations = "UIInterfaceOrientationPortrait UIInterfaceOrientationLandscapeLeft UIInterfaceOrientationLandscapeRight";
				INFOPLIST_KEY_UISupportedInterfaceOrientations_iPad = "UIInterfaceOrientationPortrait UIInterfaceOrientationPortraitUpsideDown UIInterfaceOrientationLandscapeLeft UIInterfaceOrientationLandscapeRight";
				IPHONEOS_DEPLOYMENT_TARGET = 15.0;
				LD_RUNPATH_SEARCH_PATHS = (
					"$(inherited)",
					"@executable_path/Frameworks",
				);
				MARKETING_VERSION = 1.0;
				OTHER_LDFLAGS = (
					"-framework",
					SafariServices,
					"-framework",
					WebKit,
				);
				PRODUCT_BUNDLE_IDENTIFIER = com.screenshotsafe.safari;
				PRODUCT_NAME = ScreenshotSafe;
				SDKROOT = iphoneos;
				STRING_CATALOG_GENERATE_SYMBOLS = YES;
				SWIFT_APPROACHABLE_CONCURRENCY = YES;
				SWIFT_DEFAULT_ACTOR_ISOLATION = MainActor;
				SWIFT_EMIT_LOC_STRINGS = YES;
				SWIFT_UPCOMING_FEATURE_MEMBER_IMPORT_VISIBILITY = YES;
				SWIFT_VERSION = 5.0;
				TARGETED_DEVICE_FAMILY = "1,2";
			};
			name = Debug;
		};
		A23A5D092FB9804B0021101E /* Release */ = {
			isa = XCBuildConfiguration;
			buildSettings = {
				ASSETCATALOG_COMPILER_APPICON_NAME = AppIcon;
				ASSETCATALOG_COMPILER_GLOBAL_ACCENT_COLOR_NAME = AccentColor;
				CODE_SIGN_STYLE = Automatic;
				CURRENT_PROJECT_VERSION = 1;
				GENERATE_INFOPLIST_FILE = YES;
				INFOPLIST_FILE = "iOS (App)/Info.plist";
				INFOPLIST_KEY_CFBundleDisplayName = ScreenshotSafe;
				INFOPLIST_KEY_UIApplicationSupportsIndirectInputEvents = YES;
				INFOPLIST_KEY_UILaunchStoryboardName = LaunchScreen;
				INFOPLIST_KEY_UIMainStoryboardFile = Main;
				INFOPLIST_KEY_UISupportedInterfaceOrientations = "UIInterfaceOrientationPortrait UIInterfaceOrientationLandscapeLeft UIInterfaceOrientationLandscapeRight";
				INFOPLIST_KEY_UISupportedInterfaceOrientations_iPad = "UIInterfaceOrientationPortrait UIInterfaceOrientationPortraitUpsideDown UIInterfaceOrientationLandscapeLeft UIInterfaceOrientationLandscapeRight";
				IPHONEOS_DEPLOYMENT_TARGET = 15.0;
				LD_RUNPATH_SEARCH_PATHS = (
					"$(inherited)",
					"@executable_path/Frameworks",
				);
				MARKETING_VERSION = 1.0;
				OTHER_LDFLAGS = (
					"-framework",
					SafariServices,
					"-framework",
					WebKit,
				);
				PRODUCT_BUNDLE_IDENTIFIER = com.screenshotsafe.safari;
				PRODUCT_NAME = ScreenshotSafe;
				SDKROOT = iphoneos;
				STRING_CATALOG_GENERATE_SYMBOLS = YES;
				SWIFT_APPROACHABLE_CONCURRENCY = YES;
				SWIFT_DEFAULT_ACTOR_ISOLATION = MainActor;
				SWIFT_EMIT_LOC_STRINGS = YES;
				SWIFT_UPCOMING_FEATURE_MEMBER_IMPORT_VISIBILITY = YES;
				SWIFT_VERSION = 5.0;
				TARGETED_DEVICE_FAMILY = "1,2";
				VALIDATE_PRODUCT = YES;
			};
			name = Release;
		};
		A23A5D0B2FB9804B0021101E /* Debug */ = {
			isa = XCBuildConfiguration;
			buildSettings = {
				CODE_SIGN_STYLE = Automatic;
				CURRENT_PROJECT_VERSION = 1;
				ENABLE_APP_SANDBOX = YES;
				ENABLE_HARDENED_RUNTIME = YES;
				ENABLE_USER_SELECTED_FILES = readonly;
				GENERATE_INFOPLIST_FILE = YES;
				INFOPLIST_FILE = "macOS (Extension)/Info.plist";
				INFOPLIST_KEY_CFBundleDisplayName = "ScreenshotSafe Extension";
				INFOPLIST_KEY_NSHumanReadableCopyright = "";
				LD_RUNPATH_SEARCH_PATHS = (
					"$(inherited)",
					"@executable_path/../Frameworks",
					"@executable_path/../../../../Frameworks",
				);
				MACOSX_DEPLOYMENT_TARGET = 10.14;
				MARKETING_VERSION = 1.0;
				OTHER_LDFLAGS = (
					"-framework",
					SafariServices,
				);
				PRODUCT_BUNDLE_IDENTIFIER = com.screenshotsafe.safari.Extension;
				PRODUCT_NAME = "ScreenshotSafe Extension";
				SDKROOT = macosx;
				SKIP_INSTALL = YES;
				STRING_CATALOG_GENERATE_SYMBOLS = YES;
				SWIFT_APPROACHABLE_CONCURRENCY = YES;
				SWIFT_EMIT_LOC_STRINGS = YES;
				SWIFT_UPCOMING_FEATURE_MEMBER_IMPORT_VISIBILITY = YES;
				SWIFT_VERSION = 5.0;
			};
			name = Debug;
		};
		A23A5D0C2FB9804B0021101E /* Release */ = {
			isa = XCBuildConfiguration;
			buildSettings = {
				CODE_SIGN_STYLE = Automatic;
				CURRENT_PROJECT_VERSION = 1;
				ENABLE_APP_SANDBOX = YES;
				ENABLE_HARDENED_RUNTIME = YES;
				ENABLE_USER_SELECTED_FILES = readonly;
				GENERATE_INFOPLIST_FILE = YES;
				INFOPLIST_FILE = "macOS (Extension)/Info.plist";
				INFOPLIST_KEY_CFBundleDisplayName = "ScreenshotSafe Extension";
				INFOPLIST_KEY_NSHumanReadableCopyright = "";
				LD_RUNPATH_SEARCH_PATHS = (
					"$(inherited)",
					"@executable_path/../Frameworks",
					"@executable_path/../../../../Frameworks",
				);
				MACOSX_DEPLOYMENT_TARGET = 10.14;
				MARKETING_VERSION = 1.0;
				OTHER_LDFLAGS = (
					"-framework",
					SafariServices,
				);
				PRODUCT_BUNDLE_IDENTIFIER = com.screenshotsafe.safari.Extension;
				PRODUCT_NAME = "ScreenshotSafe Extension";
				SDKROOT = macosx;
				SKIP_INSTALL = YES;
				STRING_CATALOG_GENERATE_SYMBOLS = YES;
				SWIFT_APPROACHABLE_CONCURRENCY = YES;
				SWIFT_EMIT_LOC_STRINGS = YES;
				SWIFT_UPCOMING_FEATURE_MEMBER_IMPORT_VISIBILITY = YES;
				SWIFT_VERSION = 5.0;
			};
			name = Release;
		};
		A23A5D0F2FB9804B0021101E /* Debug */ = {
			isa = XCBuildConfiguration;
			buildSettings = {
				ASSETCATALOG_COMPILER_APPICON_NAME = AppIcon;
				ASSETCATALOG_COMPILER_GLOBAL_ACCENT_COLOR_NAME = AccentColor;
				CODE_SIGN_STYLE = Automatic;
				CURRENT_PROJECT_VERSION = 1;
				ENABLE_APP_SANDBOX = YES;
				ENABLE_HARDENED_RUNTIME = YES;
				ENABLE_OUTGOING_NETWORK_CONNECTIONS = YES;
				ENABLE_USER_SELECTED_FILES = readonly;
				GENERATE_INFOPLIST_FILE = YES;
				INFOPLIST_FILE = "macOS (App)/Info.plist";
				INFOPLIST_KEY_CFBundleDisplayName = ScreenshotSafe;
				INFOPLIST_KEY_NSMainStoryboardFile = Main;
				INFOPLIST_KEY_NSPrincipalClass = NSApplication;
				LD_RUNPATH_SEARCH_PATHS = (
					"$(inherited)",
					"@executable_path/../Frameworks",
				);
				MACOSX_DEPLOYMENT_TARGET = 10.14;
				MARKETING_VERSION = 1.0;
				OTHER_LDFLAGS = (
					"-framework",
					SafariServices,
					"-framework",
					WebKit,
				);
				PRODUCT_BUNDLE_IDENTIFIER = com.screenshotsafe.safari;
				PRODUCT_NAME = ScreenshotSafe;
				REGISTER_APP_GROUPS = YES;
				SDKROOT = macosx;
				STRING_CATALOG_GENERATE_SYMBOLS = YES;
				SWIFT_APPROACHABLE_CONCURRENCY = YES;
				SWIFT_DEFAULT_ACTOR_ISOLATION = MainActor;
				SWIFT_EMIT_LOC_STRINGS = YES;
				SWIFT_UPCOMING_FEATURE_MEMBER_IMPORT_VISIBILITY = YES;
				SWIFT_VERSION = 5.0;
			};
			name = Debug;
		};
		A23A5D102FB9804B0021101E /* Release */ = {
			isa = XCBuildConfiguration;
			buildSettings = {
				ASSETCATALOG_COMPILER_APPICON_NAME = AppIcon;
				ASSETCATALOG_COMPILER_GLOBAL_ACCENT_COLOR_NAME = AccentColor;
				CODE_SIGN_STYLE = Automatic;
				CURRENT_PROJECT_VERSION = 1;
				ENABLE_APP_SANDBOX = YES;
				ENABLE_HARDENED_RUNTIME = YES;
				ENABLE_OUTGOING_NETWORK_CONNECTIONS = YES;
				ENABLE_USER_SELECTED_FILES = readonly;
				GENERATE_INFOPLIST_FILE = YES;
				INFOPLIST_FILE = "macOS (App)/Info.plist";
				INFOPLIST_KEY_CFBundleDisplayName = ScreenshotSafe;
				INFOPLIST_KEY_NSMainStoryboardFile = Main;
				INFOPLIST_KEY_NSPrincipalClass = NSApplication;
				LD_RUNPATH_SEARCH_PATHS = (
					"$(inherited)",
					"@executable_path/../Frameworks",
				);
				MACOSX_DEPLOYMENT_TARGET = 10.14;
				MARKETING_VERSION = 1.0;
				OTHER_LDFLAGS = (
					"-framework",
					SafariServices,
					"-framework",
					WebKit,
				);
				PRODUCT_BUNDLE_IDENTIFIER = com.screenshotsafe.safari;
				PRODUCT_NAME = ScreenshotSafe;
				REGISTER_APP_GROUPS = YES;
				SDKROOT = macosx;
				STRING_CATALOG_GENERATE_SYMBOLS = YES;
				SWIFT_APPROACHABLE_CONCURRENCY = YES;
				SWIFT_DEFAULT_ACTOR_ISOLATION = MainActor;
				SWIFT_EMIT_LOC_STRINGS = YES;
				SWIFT_UPCOMING_FEATURE_MEMBER_IMPORT_VISIBILITY = YES;
				SWIFT_VERSION = 5.0;
			};
			name = Release;
		};
/* End XCBuildConfiguration section */

/* Begin XCConfigurationList section */
		A23A5CB52FB9804A0021101E /* Build configuration list for PBXProject "ScreenshotSafe" */ = {
			isa = XCConfigurationList;
			buildConfigurations = (
				A23A5D012FB9804B0021101E /* Debug */,
				A23A5D022FB9804B0021101E /* Release */,
			);
			defaultConfigurationIsVisible = 0;
			defaultConfigurationName = Release;
		};
		A23A5D032FB9804B0021101E /* Build configuration list for PBXNativeTarget "ScreenshotSafe Extension (iOS)" */ = {
			isa = XCConfigurationList;
			buildConfigurations = (
				A23A5D042FB9804B0021101E /* Debug */,
				A23A5D052FB9804B0021101E /* Release */,
			);
			defaultConfigurationIsVisible = 0;
			defaultConfigurationName = Release;
		};
		A23A5D072FB9804B0021101E /* Build configuration list for PBXNativeTarget "ScreenshotSafe (iOS)" */ = {
			isa = XCConfigurationList;
			buildConfigurations = (
				A23A5D082FB9804B0021101E /* Debug */,
				A23A5D092FB9804B0021101E /* Release */,
			);
			defaultConfigurationIsVisible = 0;
			defaultConfigurationName = Release;
		};
		A23A5D0A2FB9804B0021101E /* Build configuration list for PBXNativeTarget "ScreenshotSafe Extension (macOS)" */ = {
			isa = XCConfigurationList;
			buildConfigurations = (
				A23A5D0B2FB9804B0021101E /* Debug */,
				A23A5D0C2FB9804B0021101E /* Release */,
			);
			defaultConfigurationIsVisible = 0;
			defaultConfigurationName = Release;
		};
		A23A5D0E2FB9804B0021101E /* Build configuration list for PBXNativeTarget "ScreenshotSafe (macOS)" */ = {
			isa = XCConfigurationList;
			buildConfigurations = (
				A23A5D0F2FB9804B0021101E /* Debug */,
				A23A5D102FB9804B0021101E /* Release */,
			);
			defaultConfigurationIsVisible = 0;
			defaultConfigurationName = Release;
		};
/* End XCConfigurationList section */
	};
	rootObject = A23A5CB22FB9804A0021101E /* Project object */;
}
